Microsoft Visual Studio Solution File, Format Version 9.00
# Visual Studio 2005
Project("{8BC9CEB8-8B4A-11D0-8D11-00A0C91BC942}") = "PVR350OSDPlugin", "dll\PVR350OSDPlugin\PVR350OSDPlugin.vcproj", "{877FD7FD-055F-4D19-BF71-69BFF733B158}"
EndProject
Project("{8BC9CEB8-8B4A-11D0-8D11-00A0C91BC942}") = "SageLauncher", "exe\SageLauncher\SageLauncher.vcproj", "{E18A7DC9-14B6-4E79-A91F-F9D66CA74F40}"
	ProjectSection(ProjectDependencies) = postProject
		{6C5C9806-7263-4CE5-ABEE-3190FE852023} = {6C5C9806-7263-4CE5-ABEE-3190FE852023}
		{BDF9AB92-FA05-4468-8A4D-B2104439146A} = {BDF9AB92-FA05-4468-8A4D-B2104439146A}
		{0F01F153-4951-4FFF-9C06-11C448E5AC63} = {0F01F153-4951-4FFF-9C06-11C448E5AC63}
		{22EEB25A-DC24-4E92-8FBC-F7A257E1C423} = {22EEB25A-DC24-4E92-8FBC-F7A257E1C423}
		{0790F567-FC54-443E-B207-FC0681F0A134} = {0790F567-FC54-443E-B207-FC0681F0A134}
		{337F9989-2D99-4FC9-A62D-0F3C82CABD9C} = {337F9989-2D99-4FC9-A62D-0F3C82CABD9C}
		{1BA41D93-F8B8-425A-9492-F818BA4F98E8} = {1BA41D93-F8B8-425A-9492-F818BA4F98E8}
		{9377ECAA-9F2B-4B6C-A5A1-250514B60E13} = {9377ECAA-9F2B-4B6C-A5A1-250514B60E13}
		{A2D656C0-0327-47E3-9F88-141E7A12CAF2} = {A2D656C0-0327-47E3-9F88-141E7A12CAF2}
		{2CFD97EA-5EB6-4A84-AEA2-57A70D87B132} = {2CFD97EA-5EB6-4A84-AEA2-57A70D87B132}
		{EA851EED-B3BB-438E-B8CA-413EF9E90622} = {EA851EED-B3BB-438E-B8CA-413EF9E90622}
		{3AF240ED-9F95-43A6-8B66-7DA962AD9C81} = {3AF240ED-9F95-43A6-8B66-7DA962AD9C81}
		{86B000F6-63F5-4041-BA33-74235002C84F} = {86B000F6-63F5-4041-BA33-74235002C84F}
		{C64EBBF8-79E8-4E1C-9D43-FFA62D14820D} = {C64EBBF8-79E8-4E1C-9D43-FFA62D14820D}
		{877FD7FD-055F-4D19-BF71-69BFF733B158} = {877FD7FD-055F-4D19-BF71-69BFF733B158}
		{31171103-BB13-4B5B-B086-3C0225A55250} = {31171103-BB13-4B5B-B086-3C0225A55250}
		{5CA60F60-D352-4843-B606-60F9125ACB0E} = {5CA60F60-D352-4843-B606-60F9125ACB0E}
		{456FE190-511C-428E-88FC-E432C87D29FF} = {456FE190-511C-428E-88FC-E432C87D29FF}
		{2729999B-4EBD-4B3B-A62B-FC70BEA679CC} = {2729999B-4EBD-4B3B-A62B-FC70BEA679CC}
		{0E413E0D-2BE6-499C-BFAE-FE887A29D87D} = {0E413E0D-2BE6-499C-BFAE-FE887A29D87D}
		{D7D53682-AC32-437E-BFAB-C06A44F095FF} = {D7D53682-AC32-437E-BFAB-C06A44F095FF}
		{BA59BE43-7986-4E88-A786-21EC68814002} = {BA59BE43-7986-4E88-A786-21EC68814002}
		{444FDF3B-831C-4015-BD92-765AC317A685} = {444FDF3B-831C-4015-BD92-765AC317A685}
		{DEF1431A-A5A5-49B9-9157-87556E28F2A3} = {DEF1431A-A5A5-49B9-9157-87556E28F2A3}
	EndProjectSection
EndProject
Project("{8BC9CEB8-8B4A-11D0-8D11-00A0C91BC942}") = "SageTVDX93D", "dll\DX93D\SageTVDX93D.vcproj", "{2CFD97EA-5EB6-4A84-AEA2-57A70D87B132}"
EndProject
Project("{8BC9CEB8-8B4A-11D0-8D11-00A0C91BC942}") = "SageTVInfraredReceive", "dll\InfraredReceive\SageTVInfraredReceive.vcproj", "{EA851EED-B3BB-438E-B8CA-413EF9E90622}"
EndProject
Project("{8BC9CEB8-8B4A-11D0-8D11-00A0C91BC942}") = "SageTVWin32DLL", "dll\Win32DLL\SageTVWin32DLL.vcproj", "{0F01F153-4951-4FFF-9C06-11C448E5AC63}"
	ProjectSection(ProjectDependencies) = postProject
		{444FDF3B-831C-4015-BD92-765AC317A685} = {444FDF3B-831C-4015-BD92-765AC317A685}
	EndProjectSection
EndProject
Project("{8BC9CEB8-8B4A-11D0-8D11-00A0C91BC942}") = "ServiceControlLaunch", "exe\ServiceControlLaunch\ServiceControlLaunch.vcproj", "{4D725060-4A78-47DA-BB30-C290901353A5}"
EndProject
Project("{8BC9CEB8-8B4A-11D0-8D11-00A0C91BC942}") = "TunerStubDLL", "dll\TunerStub\TunerStubDLL.vcproj", "{86B000F6-63F5-4041-BA33-74235002C84F}"
EndProject
Project("{8BC9CEB8-8B4A-11D0-8D11-00A0C91BC942}") = "Win32ShellHook", "dll\Win32ShellHook\Win32ShellHook.vcproj", "{444FDF3B-831C-4015-BD92-765AC317A685}"
EndProject
Project("{8BC9CEB8-8B4A-11D0-8D11-00A0C91BC942}") = "TSnative", "ax\TSnative\TSnative.vcproj", "{0790F567-FC54-443E-B207-FC0681F0A134}"
EndProject
Project("{8BC9CEB8-8B4A-11D0-8D11-00A0C91BC942}") = "MiniClientLauncher", "exe\MiniClientLauncher\MiniClientLauncher.vcproj", "{0976713C-8CFB-4E2F-85F9-E0B4CE8FA3F0}"
	ProjectSection(ProjectDependencies) = postProject
		{EA851EED-B3BB-438E-B8CA-413EF9E90622} = {EA851EED-B3BB-438E-B8CA-413EF9E90622}
		{2CFD97EA-5EB6-4A84-AEA2-57A70D87B132} = {2CFD97EA-5EB6-4A84-AEA2-57A70D87B132}
		{9377ECAA-9F2B-4B6C-A5A1-250514B60E13} = {9377ECAA-9F2B-4B6C-A5A1-250514B60E13}
		{1BA41D93-F8B8-425A-9492-F818BA4F98E8} = {1BA41D93-F8B8-425A-9492-F818BA4F98E8}
		{0F01F153-4951-4FFF-9C06-11C448E5AC63} = {0F01F153-4951-4FFF-9C06-11C448E5AC63}
		{444FDF3B-831C-4015-BD92-765AC317A685} = {444FDF3B-831C-4015-BD92-765AC317A685}
	EndProjectSection
EndProject
Project("{8BC9CEB8-8B4A-11D0-8D11-00A0C91BC942}") = "WinRawInput", "dll\WinRawInput\WinRawINput.vcproj", "{9377ECAA-9F2B-4B6C-A5A1-250514B60E13}"
EndProject
Project("{8BC9CEB8-8B4A-11D0-8D11-00A0C91BC942}") = "WinKeyboardHook", "dll\WinKeyboardHook\WinKeyboardHook.vcproj", "{1BA41D93-F8B8-425A-9492-F818BA4F98E8}"
EndProject
Project("{8BC9CEB8-8B4A-11D0-8D11-00A0C91BC942}") = "DirecTVSerialControl", "dll\DirecTVSerialControl\DirecTVSerialControl.vcproj", "{3AF240ED-9F95-43A6-8B66-7DA962AD9C81}"
EndProject
Project("{8BC9CEB8-8B4A-11D0-8D11-00A0C91BC942}") = "DShowTranscode", "dll\DShowTranscode\DShowTranscode.vcproj", "{BA59BE43-7986-4E88-A786-21EC68814002}"
EndProject
Project("{8BC9CEB8-8B4A-11D0-8D11-00A0C91BC942}") = "DShowCapture", "dll\DShowCapture-2\DShowCapture-2.vcproj", "{5CA60F60-D352-4843-B606-60F9125ACB0E}"
	ProjectSection(ProjectDependencies) = postProject
		{C64EBBF8-79E8-4E1C-9D43-FFA62D14820D} = {C64EBBF8-79E8-4E1C-9D43-FFA62D14820D}
		{86B000F6-63F5-4041-BA33-74235002C84F} = {86B000F6-63F5-4041-BA33-74235002C84F}
		{3AF240ED-9F95-43A6-8B66-7DA962AD9C81} = {3AF240ED-9F95-43A6-8B66-7DA962AD9C81}
		{A2D656C0-0327-47E3-9F88-141E7A12CAF2} = {A2D656C0-0327-47E3-9F88-141E7A12CAF2}
		{337F9989-2D99-4FC9-A62D-0F3C82CABD9C} = {337F9989-2D99-4FC9-A62D-0F3C82CABD9C}
		{D7D53682-AC32-437E-BFAB-C06A44F095FF} = {D7D53682-AC32-437E-BFAB-C06A44F095FF}
		{0790F567-FC54-443E-B207-FC0681F0A134} = {0790F567-FC54-443E-B207-FC0681F0A134}
		{6C5C9806-7263-4CE5-ABEE-3190FE852023} = {6C5C9806-7263-4CE5-ABEE-3190FE852023}
		{31171103-BB13-4B5B-B086-3C0225A55250} = {31171103-BB13-4B5B-B086-3C0225A55250}
	EndProjectSection
EndProject
Project("{8BC9CEB8-8B4A-11D0-8D11-00A0C91BC942}") = "DShowPlayer", "dll\DShowPlayer-2\DShowPlayer.vcproj", "{DEF1431A-A5A5-49B9-9157-87556E28F2A3}"
	ProjectSection(ProjectDependencies) = postProject
		{0E413E0D-2BE6-499C-BFAE-FE887A29D87D} = {0E413E0D-2BE6-499C-BFAE-FE887A29D87D}
		{BDF9AB92-FA05-4468-8A4D-B2104439146A} = {BDF9AB92-FA05-4468-8A4D-B2104439146A}
		{2729999B-4EBD-4B3B-A62B-FC70BEA679CC} = {2729999B-4EBD-4B3B-A62B-FC70BEA679CC}
		{456FE190-511C-428E-88FC-E432C87D29FF} = {456FE190-511C-428E-88FC-E432C87D29FF}
		{22EEB25A-DC24-4E92-8FBC-F7A257E1C423} = {22EEB25A-DC24-4E92-8FBC-F7A257E1C423}
	EndProjectSection
EndProject
Project("{8BC9CEB8-8B4A-11D0-8D11-00A0C91BC942}") = "Channel", "ax\Channel-2\Channel-2.vcproj", "{31171103-BB13-4B5B-B086-3C0225A55250}"
	ProjectSection(ProjectDependencies) = postProject
		{D7D53682-AC32-437E-BFAB-C06A44F095FF} = {D7D53682-AC32-437E-BFAB-C06A44F095FF}
	EndProjectSection
EndProject
Project("{8BC9CEB8-8B4A-11D0-8D11-00A0C91BC942}") = "MpegDeMux3.0", "ax\MpegDeMux-3\MpegDeMux-3.vcproj", "{0E413E0D-2BE6-499C-BFAE-FE887A29D87D}"
	ProjectSection(ProjectDependencies) = postProject
		{D7D53682-AC32-437E-BFAB-C06A44F095FF} = {D7D53682-AC32-437E-BFAB-C06A44F095FF}
	EndProjectSection
EndProject
Project("{8BC9CEB8-8B4A-11D0-8D11-00A0C91BC942}") = "TSSplitter", "ax\TSSplitter2.0\TSSplitter.vcproj", "{6C5C9806-7263-4CE5-ABEE-3190FE852023}"
EndProject
Project("{8BC9CEB8-8B4A-11D0-8D11-00A0C91BC942}") = "NativeCore", "ax\Native2.0\NativeCore.vcproj", "{D7D53682-AC32-437E-BFAB-C06A44F095FF}"
EndProject
Project("{8BC9CEB8-8B4A-11D0-8D11-00A0C91BC942}") = "FileSource", "ax\FileSource\FileSource.vcproj", "{2729999B-4EBD-4B3B-A62B-FC70BEA679CC}"
EndProject
Project("{8BC9CEB8-8B4A-11D0-8D11-00A0C91BC942}") = "StrmDeMux", "ax\StrmDeMux\StrmDeMux.vcproj", "{BDF9AB92-FA05-4468-8A4D-B2104439146A}"
EndProject
Project("{8BC9CEB8-8B4A-11D0-8D11-00A0C91BC942}") = "EVRPresenter", "..\third_party\Microsoft\EVRPresenter\EVRPresenter.vcproj", "{456FE190-511C-428E-88FC-E432C87D29FF}"
EndProject
Project("{8BC9CEB8-8B4A-11D0-8D11-00A0C91BC942}") = "MPEG2Dump", "..\third_party\Microsoft\Dump\MPEG2Dump.vcproj", "{A2D656C0-0327-47E3-9F88-141E7A12CAF2}"
EndProject
Project("{8BC9CEB8-8B4A-11D0-8D11-00A0C91BC942}") = "MpegAudioEncLayer2", "..\third_party\Elecard\MpegAudioEncLayer2\dshow.vcproj", "{C64EBBF8-79E8-4E1C-9D43-FFA62D14820D}"
EndProject
Project("{8BC9CEB8-8B4A-11D0-8D11-00A0C91BC942}") = "MpegMux", "..\third_party\Microsoft\MpegMux\MpegMux.vcproj", "{337F9989-2D99-4FC9-A62D-0F3C82CABD9C}"
EndProject
Project("{8BC9CEB8-8B4A-11D0-8D11-00A0C91BC942}") = "MusicVisFilter", "..\third_party\Microsoft\AudioSampling\MusicVisFilter.vcproj", "{22EEB25A-DC24-4E92-8FBC-F7A257E1C423}"
EndProject
Global
	GlobalSection(SolutionConfigurationPlatforms) = preSolution
		Client Debug|Win32 = Client Debug|Win32
		Client Release|Win32 = Client Release|Win32
		Debug|Win32 = Debug|Win32
		Java Client Debug|Win32 = Java Client Debug|Win32
		Java Debug|Win32 = Java Debug|Win32
		Lite Debug|Win32 = Lite Debug|Win32
		Lite Release|Win32 = Lite Release|Win32
		Lite Service Release|Win32 = Lite Service Release|Win32
		Recorder Debug|Win32 = Recorder Debug|Win32
		Recorder Release|Win32 = Recorder Release|Win32
		Release|Win32 = Release|Win32
		Service Debug|Win32 = Service Debug|Win32
		Service Release|Win32 = Service Release|Win32
		Studio Release|Win32 = Studio Release|Win32
	EndGlobalSection
	GlobalSection(ProjectConfigurationPlatforms) = postSolution
		{877FD7FD-055F-4D19-BF71-69BFF733B158}.Client Debug|Win32.ActiveCfg = Debug|Win32
		{877FD7FD-055F-4D19-BF71-69BFF733B158}.Client Release|Win32.ActiveCfg = Release|Win32
		{877FD7FD-055F-4D19-BF71-69BFF733B158}.Debug|Win32.ActiveCfg = Debug|Win32
		{877FD7FD-055F-4D19-BF71-69BFF733B158}.Debug|Win32.Build.0 = Debug|Win32
		{877FD7FD-055F-4D19-BF71-69BFF733B158}.Java Client Debug|Win32.ActiveCfg = Debug|Win32
		{877FD7FD-055F-4D19-BF71-69BFF733B158}.Java Debug|Win32.ActiveCfg = Debug|Win32
		{877FD7FD-055F-4D19-BF71-69BFF733B158}.Lite Debug|Win32.ActiveCfg = Debug|Win32
		{877FD7FD-055F-4D19-BF71-69BFF733B158}.Lite Release|Win32.ActiveCfg = Release|Win32
		{877FD7FD-055F-4D19-BF71-69BFF733B158}.Lite Service Release|Win32.ActiveCfg = Release|Win32
		{877FD7FD-055F-4D19-BF71-69BFF733B158}.Recorder Debug|Win32.ActiveCfg = Debug|Win32
		{877FD7FD-055F-4D19-BF71-69BFF733B158}.Recorder Release|Win32.ActiveCfg = Release|Win32
		{877FD7FD-055F-4D19-BF71-69BFF733B158}.Release|Win32.ActiveCfg = Release|Win32
		{877FD7FD-055F-4D19-BF71-69BFF733B158}.Release|Win32.Build.0 = Release|Win32
		{877FD7FD-055F-4D19-BF71-69BFF733B158}.Service Debug|Win32.ActiveCfg = Debug|Win32
		{877FD7FD-055F-4D19-BF71-69BFF733B158}.Service Release|Win32.ActiveCfg = Release|Win32
		{877FD7FD-055F-4D19-BF71-69BFF733B158}.Service Release|Win32.Build.0 = Release|Win32
		{877FD7FD-055F-4D19-BF71-69BFF733B158}.Studio Release|Win32.ActiveCfg = Release|Win32
		{E18A7DC9-14B6-4E79-A91F-F9D66CA74F40}.Client Debug|Win32.ActiveCfg = Client Debug|Win32
		{E18A7DC9-14B6-4E79-A91F-F9D66CA74F40}.Client Debug|Win32.Build.0 = Client Debug|Win32
		{E18A7DC9-14B6-4E79-A91F-F9D66CA74F40}.Client Release|Win32.ActiveCfg = Client Release|Win32
		{E18A7DC9-14B6-4E79-A91F-F9D66CA74F40}.Client Release|Win32.Build.0 = Client Release|Win32
		{E18A7DC9-14B6-4E79-A91F-F9D66CA74F40}.Debug|Win32.ActiveCfg = Debug|Win32
		{E18A7DC9-14B6-4E79-A91F-F9D66CA74F40}.Debug|Win32.Build.0 = Debug|Win32
		{E18A7DC9-14B6-4E79-A91F-F9D66CA74F40}.Java Client Debug|Win32.ActiveCfg = Java Client Debug|Win32
		{E18A7DC9-14B6-4E79-A91F-F9D66CA74F40}.Java Client Debug|Win32.Build.0 = Java Client Debug|Win32
		{E18A7DC9-14B6-4E79-A91F-F9D66CA74F40}.Java Debug|Win32.ActiveCfg = Java Debug|Win32
		{E18A7DC9-14B6-4E79-A91F-F9D66CA74F40}.Java Debug|Win32.Build.0 = Java Debug|Win32
		{E18A7DC9-14B6-4E79-A91F-F9D66CA74F40}.Lite Debug|Win32.ActiveCfg = Lite Debug|Win32
		{E18A7DC9-14B6-4E79-A91F-F9D66CA74F40}.Lite Debug|Win32.Build.0 = Lite Debug|Win32
		{E18A7DC9-14B6-4E79-A91F-F9D66CA74F40}.Lite Release|Win32.ActiveCfg = Lite Release|Win32
		{E18A7DC9-14B6-4E79-A91F-F9D66CA74F40}.Lite Release|Win32.Build.0 = Lite Release|Win32
		{E18A7DC9-14B6-4E79-A91F-F9D66CA74F40}.Lite Service Release|Win32.ActiveCfg = Lite Service Release|Win32
		{E18A7DC9-14B6-4E79-A91F-F9D66CA74F40}.Lite Service Release|Win32.Build.0 = Lite Service Release|Win32
		{E18A7DC9-14B6-4E79-A91F-F9D66CA74F40}.Recorder Debug|Win32.ActiveCfg = Recorder Debug|Win32
		{E18A7DC9-14B6-4E79-A91F-F9D66CA74F40}.Recorder Debug|Win32.Build.0 = Recorder Debug|Win32
		{E18A7DC9-14B6-4E79-A91F-F9D66CA74F40}.Recorder Release|Win32.ActiveCfg = Recorder Release|Win32
		{E18A7DC9-14B6-4E79-A91F-F9D66CA74F40}.Recorder Release|Win32.Build.0 = Recorder Release|Win32
		{E18A7DC9-14B6-4E79-A91F-F9D66CA74F40}.Release|Win32.ActiveCfg = Release|Win32
		{E18A7DC9-14B6-4E79-A91F-F9D66CA74F40}.Release|Win32.Build.0 = Release|Win32
		{E18A7DC9-14B6-4E79-A91F-F9D66CA74F40}.Service Debug|Win32.ActiveCfg = Service Debug|Win32
		{E18A7DC9-14B6-4E79-A91F-F9D66CA74F40}.Service Debug|Win32.Build.0 = Service Debug|Win32
		{E18A7DC9-14B6-4E79-A91F-F9D66CA74F40}.Service Release|Win32.ActiveCfg = Service Release|Win32
		{E18A7DC9-14B6-4E79-A91F-F9D66CA74F40}.Service Release|Win32.Build.0 = Service Release|Win32
		{E18A7DC9-14B6-4E79-A91F-F9D66CA74F40}.Studio Release|Win32.ActiveCfg = Studio Release|Win32
		{E18A7DC9-14B6-4E79-A91F-F9D66CA74F40}.Studio Release|Win32.Build.0 = Studio Release|Win32
		{2CFD97EA-5EB6-4A84-AEA2-57A70D87B132}.Client Debug|Win32.ActiveCfg = Debug|Win32
		{2CFD97EA-5EB6-4A84-AEA2-57A70D87B132}.Client Release|Win32.ActiveCfg = Release|Win32
		{2CFD97EA-5EB6-4A84-AEA2-57A70D87B132}.Debug|Win32.ActiveCfg = Debug|Win32
		{2CFD97EA-5EB6-4A84-AEA2-57A70D87B132}.Debug|Win32.Build.0 = Debug|Win32
		{2CFD97EA-5EB6-4A84-AEA2-57A70D87B132}.Java Client Debug|Win32.ActiveCfg = Debug|Win32
		{2CFD97EA-5EB6-4A84-AEA2-57A70D87B132}.Java Debug|Win32.ActiveCfg = Debug|Win32
		{2CFD97EA-5EB6-4A84-AEA2-57A70D87B132}.Lite Debug|Win32.ActiveCfg = Debug|Win32
		{2CFD97EA-5EB6-4A84-AEA2-57A70D87B132}.Lite Release|Win32.ActiveCfg = Release|Win32
		{2CFD97EA-5EB6-4A84-AEA2-57A70D87B132}.Lite Service Release|Win32.ActiveCfg = Release|Win32
		{2CFD97EA-5EB6-4A84-AEA2-57A70D87B132}.Recorder Debug|Win32.ActiveCfg = Debug|Win32
		{2CFD97EA-5EB6-4A84-AEA2-57A70D87B132}.Recorder Release|Win32.ActiveCfg = Release|Win32
		{2CFD97EA-5EB6-4A84-AEA2-57A70D87B132}.Release|Win32.ActiveCfg = Release|Win32
		{2CFD97EA-5EB6-4A84-AEA2-57A70D87B132}.Release|Win32.Build.0 = Release|Win32
		{2CFD97EA-5EB6-4A84-AEA2-57A70D87B132}.Service Debug|Win32.ActiveCfg = Debug|Win32
		{2CFD97EA-5EB6-4A84-AEA2-57A70D87B132}.Service Release|Win32.ActiveCfg = Release|Win32
		{2CFD97EA-5EB6-4A84-AEA2-57A70D87B132}.Service Release|Win32.Build.0 = Release|Win32
		{2CFD97EA-5EB6-4A84-AEA2-57A70D87B132}.Studio Release|Win32.ActiveCfg = Release|Win32
		{EA851EED-B3BB-438E-B8CA-413EF9E90622}.Client Debug|Win32.ActiveCfg = Debug|Win32
		{EA851EED-B3BB-438E-B8CA-413EF9E90622}.Client Release|Win32.ActiveCfg = Release|Win32
		{EA851EED-B3BB-438E-B8CA-413EF9E90622}.Debug|Win32.ActiveCfg = Debug|Win32
		{EA851EED-B3BB-438E-B8CA-413EF9E90622}.Debug|Win32.Build.0 = Debug|Win32
		{EA851EED-B3BB-438E-B8CA-413EF9E90622}.Java Client Debug|Win32.ActiveCfg = Debug|Win32
		{EA851EED-B3BB-438E-B8CA-413EF9E90622}.Java Debug|Win32.ActiveCfg = Debug|Win32
		{EA851EED-B3BB-438E-B8CA-413EF9E90622}.Lite Debug|Win32.ActiveCfg = Debug|Win32
		{EA851EED-B3BB-438E-B8CA-413EF9E90622}.Lite Release|Win32.ActiveCfg = Release|Win32
		{EA851EED-B3BB-438E-B8CA-413EF9E90622}.Lite Service Release|Win32.ActiveCfg = Release|Win32
		{EA851EED-B3BB-438E-B8CA-413EF9E90622}.Recorder Debug|Win32.ActiveCfg = Debug|Win32
		{EA851EED-B3BB-438E-B8CA-413EF9E90622}.Recorder Release|Win32.ActiveCfg = Release|Win32
		{EA851EED-B3BB-438E-B8CA-413EF9E90622}.Release|Win32.ActiveCfg = Release|Win32
		{EA851EED-B3BB-438E-B8CA-413EF9E90622}.Release|Win32.Build.0 = Release|Win32
		{EA851EED-B3BB-438E-B8CA-413EF9E90622}.Service Debug|Win32.ActiveCfg = Debug|Win32
		{EA851EED-B3BB-438E-B8CA-413EF9E90622}.Service Release|Win32.ActiveCfg = Release|Win32
		{EA851EED-B3BB-438E-B8CA-413EF9E90622}.Service Release|Win32.Build.0 = Release|Win32
		{EA851EED-B3BB-438E-B8CA-413EF9E90622}.Studio Release|Win32.ActiveCfg = Release|Win32
		{0F01F153-4951-4FFF-9C06-11C448E5AC63}.Client Debug|Win32.ActiveCfg = Debug|Win32
		{0F01F153-4951-4FFF-9C06-11C448E5AC63}.Client Release|Win32.ActiveCfg = Release|Win32
		{0F01F153-4951-4FFF-9C06-11C448E5AC63}.Debug|Win32.ActiveCfg = Debug|Win32
		{0F01F153-4951-4FFF-9C06-11C448E5AC63}.Debug|Win32.Build.0 = Debug|Win32
		{0F01F153-4951-4FFF-9C06-11C448E5AC63}.Java Client Debug|Win32.ActiveCfg = Debug|Win32
		{0F01F153-4951-4FFF-9C06-11C448E5AC63}.Java Debug|Win32.ActiveCfg = Debug|Win32
		{0F01F153-4951-4FFF-9C06-11C448E5AC63}.Lite Debug|Win32.ActiveCfg = Debug|Win32
		{0F01F153-4951-4FFF-9C06-11C448E5AC63}.Lite Release|Win32.ActiveCfg = Release|Win32
		{0F01F153-4951-4FFF-9C06-11C448E5AC63}.Lite Service Release|Win32.ActiveCfg = Release|Win32
		{0F01F153-4951-4FFF-9C06-11C448E5AC63}.Recorder Debug|Win32.ActiveCfg = Debug|Win32
		{0F01F153-4951-4FFF-9C06-11C448E5AC63}.Recorder Release|Win32.ActiveCfg = Release|Win32
		{0F01F153-4951-4FFF-9C06-11C448E5AC63}.Release|Win32.ActiveCfg = Release|Win32
		{0F01F153-4951-4FFF-9C06-11C448E5AC63}.Release|Win32.Build.0 = Release|Win32
		{0F01F153-4951-4FFF-9C06-11C448E5AC63}.Service Debug|Win32.ActiveCfg = Debug|Win32
		{0F01F153-4951-4FFF-9C06-11C448E5AC63}.Service Release|Win32.ActiveCfg = Release|Win32
		{0F01F153-4951-4FFF-9C06-11C448E5AC63}.Service Release|Win32.Build.0 = Release|Win32
		{0F01F153-4951-4FFF-9C06-11C448E5AC63}.Studio Release|Win32.ActiveCfg = Release|Win32
		{4D725060-4A78-47DA-BB30-C290901353A5}.Client Debug|Win32.ActiveCfg = Debug|Win32
		{4D725060-4A78-47DA-BB30-C290901353A5}.Client Release|Win32.ActiveCfg = Release|Win32
		{4D725060-4A78-47DA-BB30-C290901353A5}.Debug|Win32.ActiveCfg = Debug|Win32
		{4D725060-4A78-47DA-BB30-C290901353A5}.Debug|Win32.Build.0 = Debug|Win32
		{4D725060-4A78-47DA-BB30-C290901353A5}.Java Client Debug|Win32.ActiveCfg = Debug|Win32
		{4D725060-4A78-47DA-BB30-C290901353A5}.Java Debug|Win32.ActiveCfg = Debug|Win32
		{4D725060-4A78-47DA-BB30-C290901353A5}.Lite Debug|Win32.ActiveCfg = Debug|Win32
		{4D725060-4A78-47DA-BB30-C290901353A5}.Lite Release|Win32.ActiveCfg = Release|Win32
		{4D725060-4A78-47DA-BB30-C290901353A5}.Lite Service Release|Win32.ActiveCfg = Lite Service Release|Win32
		{4D725060-4A78-47DA-BB30-C290901353A5}.Lite Service Release|Win32.Build.0 = Lite Service Release|Win32
		{4D725060-4A78-47DA-BB30-C290901353A5}.Recorder Debug|Win32.ActiveCfg = Debug|Win32
		{4D725060-4A78-47DA-BB30-C290901353A5}.Recorder Release|Win32.ActiveCfg = Release|Win32
		{4D725060-4A78-47DA-BB30-C290901353A5}.Release|Win32.ActiveCfg = Release|Win32
		{4D725060-4A78-47DA-BB30-C290901353A5}.Release|Win32.Build.0 = Release|Win32
		{4D725060-4A78-47DA-BB30-C290901353A5}.Service Debug|Win32.ActiveCfg = Debug|Win32
		{4D725060-4A78-47DA-BB30-C290901353A5}.Service Release|Win32.ActiveCfg = Release|Win32
		{4D725060-4A78-47DA-BB30-C290901353A5}.Service Release|Win32.Build.0 = Release|Win32
		{4D725060-4A78-47DA-BB30-C290901353A5}.Studio Release|Win32.ActiveCfg = Release|Win32
		{86B000F6-63F5-4041-BA33-74235002C84F}.Client Debug|Win32.ActiveCfg = Debug|Win32
		{86B000F6-63F5-4041-BA33-74235002C84F}.Client Release|Win32.ActiveCfg = Release|Win32
		{86B000F6-63F5-4041-BA33-74235002C84F}.Debug|Win32.ActiveCfg = Debug|Win32
		{86B000F6-63F5-4041-BA33-74235002C84F}.Debug|Win32.Build.0 = Debug|Win32
		{86B000F6-63F5-4041-BA33-74235002C84F}.Java Client Debug|Win32.ActiveCfg = Debug|Win32
		{86B000F6-63F5-4041-BA33-74235002C84F}.Java Debug|Win32.ActiveCfg = Debug|Win32
		{86B000F6-63F5-4041-BA33-74235002C84F}.Lite Debug|Win32.ActiveCfg = Debug|Win32
		{86B000F6-63F5-4041-BA33-74235002C84F}.Lite Release|Win32.ActiveCfg = Release|Win32
		{86B000F6-63F5-4041-BA33-74235002C84F}.Lite Service Release|Win32.ActiveCfg = Release|Win32
		{86B000F6-63F5-4041-BA33-74235002C84F}.Recorder Debug|Win32.ActiveCfg = Debug|Win32
		{86B000F6-63F5-4041-BA33-74235002C84F}.Recorder Release|Win32.ActiveCfg = Release|Win32
		{86B000F6-63F5-4041-BA33-74235002C84F}.Release|Win32.ActiveCfg = Release|Win32
		{86B000F6-63F5-4041-BA33-74235002C84F}.Release|Win32.Build.0 = Release|Win32
		{86B000F6-63F5-4041-BA33-74235002C84F}.Service Debug|Win32.ActiveCfg = Debug|Win32
		{86B000F6-63F5-4041-BA33-74235002C84F}.Service Release|Win32.ActiveCfg = Release|Win32
		{86B000F6-63F5-4041-BA33-74235002C84F}.Service Release|Win32.Build.0 = Release|Win32
		{86B000F6-63F5-4041-BA33-74235002C84F}.Studio Release|Win32.ActiveCfg = Release|Win32
		{444FDF3B-831C-4015-BD92-765AC317A685}.Client Debug|Win32.ActiveCfg = Debug|Win32
		{444FDF3B-831C-4015-BD92-765AC317A685}.Client Release|Win32.ActiveCfg = Release|Win32
		{444FDF3B-831C-4015-BD92-765AC317A685}.Debug|Win32.ActiveCfg = Debug|Win32
		{444FDF3B-831C-4015-BD92-765AC317A685}.Debug|Win32.Build.0 = Debug|Win32
		{444FDF3B-831C-4015-BD92-765AC317A685}.Java Client Debug|Win32.ActiveCfg = Debug|Win32
		{444FDF3B-831C-4015-BD92-765AC317A685}.Java Debug|Win32.ActiveCfg = Debug|Win32
		{444FDF3B-831C-4015-BD92-765AC317A685}.Lite Debug|Win32.ActiveCfg = Debug|Win32
		{444FDF3B-831C-4015-BD92-765AC317A685}.Lite Release|Win32.ActiveCfg = Release|Win32
		{444FDF3B-831C-4015-BD92-765AC317A685}.Lite Service Release|Win32.ActiveCfg = Release|Win32
		{444FDF3B-831C-4015-BD92-765AC317A685}.Recorder Debug|Win32.ActiveCfg = Debug|Win32
		{444FDF3B-831C-4015-BD92-765AC317A685}.Recorder Release|Win32.ActiveCfg = Release|Win32
		{444FDF3B-831C-4015-BD92-765AC317A685}.Release|Win32.ActiveCfg = Release|Win32
		{444FDF3B-831C-4015-BD92-765AC317A685}.Release|Win32.Build.0 = Release|Win32
		{444FDF3B-831C-4015-BD92-765AC317A685}.Service Debug|Win32.ActiveCfg = Debug|Win32
		{444FDF3B-831C-4015-BD92-765AC317A685}.Service Release|Win32.ActiveCfg = Release|Win32
		{444FDF3B-831C-4015-BD92-765AC317A685}.Service Release|Win32.Build.0 = Release|Win32
		{444FDF3B-831C-4015-BD92-765AC317A685}.Studio Release|Win32.ActiveCfg = Release|Win32
		{0790F567-FC54-443E-B207-FC0681F0A134}.Client Debug|Win32.ActiveCfg = Debug|Win32
		{0790F567-FC54-443E-B207-FC0681F0A134}.Client Debug|Win32.Build.0 = Debug|Win32
		{0790F567-FC54-443E-B207-FC0681F0A134}.Client Release|Win32.ActiveCfg = Release|Win32
		{0790F567-FC54-443E-B207-FC0681F0A134}.Client Release|Win32.Build.0 = Release|Win32
		{0790F567-FC54-443E-B207-FC0681F0A134}.Debug|Win32.ActiveCfg = Debug|Win32
		{0790F567-FC54-443E-B207-FC0681F0A134}.Debug|Win32.Build.0 = Debug|Win32
		{0790F567-FC54-443E-B207-FC0681F0A134}.Java Client Debug|Win32.ActiveCfg = Debug|Win32
		{0790F567-FC54-443E-B207-FC0681F0A134}.Java Client Debug|Win32.Build.0 = Debug|Win32
		{0790F567-FC54-443E-B207-FC0681F0A134}.Java Debug|Win32.ActiveCfg = Release|Win32
		{0790F567-FC54-443E-B207-FC0681F0A134}.Lite Debug|Win32.ActiveCfg = Debug|Win32
		{0790F567-FC54-443E-B207-FC0681F0A134}.Lite Debug|Win32.Build.0 = Debug|Win32
		{0790F567-FC54-443E-B207-FC0681F0A134}.Lite Release|Win32.ActiveCfg = Release|Win32
		{0790F567-FC54-443E-B207-FC0681F0A134}.Lite Release|Win32.Build.0 = Release|Win32
		{0790F567-FC54-443E-B207-FC0681F0A134}.Lite Service Release|Win32.ActiveCfg = Release|Win32
		{0790F567-FC54-443E-B207-FC0681F0A134}.Lite Service Release|Win32.Build.0 = Release|Win32
		{0790F567-FC54-443E-B207-FC0681F0A134}.Recorder Debug|Win32.ActiveCfg = Debug|Win32
		{0790F567-FC54-443E-B207-FC0681F0A134}.Recorder Debug|Win32.Build.0 = Debug|Win32
		{0790F567-FC54-443E-B207-FC0681F0A134}.Recorder Release|Win32.ActiveCfg = Release|Win32
		{0790F567-FC54-443E-B207-FC0681F0A134}.Recorder Release|Win32.Build.0 = Release|Win32
		{0790F567-FC54-443E-B207-FC0681F0A134}.Release|Win32.ActiveCfg = Release|Win32
		{0790F567-FC54-443E-B207-FC0681F0A134}.Release|Win32.Build.0 = Release|Win32
		{0790F567-FC54-443E-B207-FC0681F0A134}.Service Debug|Win32.ActiveCfg = Debug|Win32
		{0790F567-FC54-443E-B207-FC0681F0A134}.Service Debug|Win32.Build.0 = Debug|Win32
		{0790F567-FC54-443E-B207-FC0681F0A134}.Service Release|Win32.ActiveCfg = Release|Win32
		{0790F567-FC54-443E-B207-FC0681F0A134}.Service Release|Win32.Build.0 = Release|Win32
		{0790F567-FC54-443E-B207-FC0681F0A134}.Studio Release|Win32.ActiveCfg = Release|Win32
		{0790F567-FC54-443E-B207-FC0681F0A134}.Studio Release|Win32.Build.0 = Release|Win32
		{0976713C-8CFB-4E2F-85F9-E0B4CE8FA3F0}.Client Debug|Win32.ActiveCfg = Debug|Win32
		{0976713C-8CFB-4E2F-85F9-E0B4CE8FA3F0}.Client Release|Win32.ActiveCfg = Release|Win32
		{0976713C-8CFB-4E2F-85F9-E0B4CE8FA3F0}.Debug|Win32.ActiveCfg = Debug|Win32
		{0976713C-8CFB-4E2F-85F9-E0B4CE8FA3F0}.Debug|Win32.Build.0 = Debug|Win32
		{0976713C-8CFB-4E2F-85F9-E0B4CE8FA3F0}.Java Client Debug|Win32.ActiveCfg = Debug|Win32
		{0976713C-8CFB-4E2F-85F9-E0B4CE8FA3F0}.Java Debug|Win32.ActiveCfg = Debug|Win32
		{0976713C-8CFB-4E2F-85F9-E0B4CE8FA3F0}.Lite Debug|Win32.ActiveCfg = Debug|Win32
		{0976713C-8CFB-4E2F-85F9-E0B4CE8FA3F0}.Lite Debug|Win32.Build.0 = Debug|Win32
		{0976713C-8CFB-4E2F-85F9-E0B4CE8FA3F0}.Lite Release|Win32.ActiveCfg = Release|Win32
		{0976713C-8CFB-4E2F-85F9-E0B4CE8FA3F0}.Lite Release|Win32.Build.0 = Release|Win32
		{0976713C-8CFB-4E2F-85F9-E0B4CE8FA3F0}.Lite Service Release|Win32.ActiveCfg = Release|Win32
		{0976713C-8CFB-4E2F-85F9-E0B4CE8FA3F0}.Lite Service Release|Win32.Build.0 = Release|Win32
		{0976713C-8CFB-4E2F-85F9-E0B4CE8FA3F0}.Recorder Debug|Win32.ActiveCfg = Debug|Win32
		{0976713C-8CFB-4E2F-85F9-E0B4CE8FA3F0}.Recorder Debug|Win32.Build.0 = Debug|Win32
		{0976713C-8CFB-4E2F-85F9-E0B4CE8FA3F0}.Recorder Release|Win32.ActiveCfg = Release|Win32
		{0976713C-8CFB-4E2F-85F9-E0B4CE8FA3F0}.Recorder Release|Win32.Build.0 = Release|Win32
		{0976713C-8CFB-4E2F-85F9-E0B4CE8FA3F0}.Release|Win32.ActiveCfg = Release|Win32
		{0976713C-8CFB-4E2F-85F9-E0B4CE8FA3F0}.Release|Win32.Build.0 = Release|Win32
		{0976713C-8CFB-4E2F-85F9-E0B4CE8FA3F0}.Service Debug|Win32.ActiveCfg = Debug|Win32
		{0976713C-8CFB-4E2F-85F9-E0B4CE8FA3F0}.Service Release|Win32.ActiveCfg = Release|Win32
		{0976713C-8CFB-4E2F-85F9-E0B4CE8FA3F0}.Service Release|Win32.Build.0 = Release|Win32
		{0976713C-8CFB-4E2F-85F9-E0B4CE8FA3F0}.Studio Release|Win32.ActiveCfg = Release|Win32
		{0976713C-8CFB-4E2F-85F9-E0B4CE8FA3F0}.Studio Release|Win32.Build.0 = Release|Win32
		{9377ECAA-9F2B-4B6C-A5A1-250514B60E13}.Client Debug|Win32.ActiveCfg = Debug|Win32
		{9377ECAA-9F2B-4B6C-A5A1-250514B60E13}.Client Debug|Win32.Build.0 = Debug|Win32
		{9377ECAA-9F2B-4B6C-A5A1-250514B60E13}.Client Release|Win32.ActiveCfg = Release|Win32
		{9377ECAA-9F2B-4B6C-A5A1-250514B60E13}.Client Release|Win32.Build.0 = Release|Win32
		{9377ECAA-9F2B-4B6C-A5A1-250514B60E13}.Debug|Win32.ActiveCfg = Release|Win32
		{9377ECAA-9F2B-4B6C-A5A1-250514B60E13}.Debug|Win32.Build.0 = Release|Win32
		{9377ECAA-9F2B-4B6C-A5A1-250514B60E13}.Java Client Debug|Win32.ActiveCfg = Debug|Win32
		{9377ECAA-9F2B-4B6C-A5A1-250514B60E13}.Java Client Debug|Win32.Build.0 = Debug|Win32
		{9377ECAA-9F2B-4B6C-A5A1-250514B60E13}.Java Debug|Win32.ActiveCfg = Debug|Win32
		{9377ECAA-9F2B-4B6C-A5A1-250514B60E13}.Java Debug|Win32.Build.0 = Debug|Win32
		{9377ECAA-9F2B-4B6C-A5A1-250514B60E13}.Lite Debug|Win32.ActiveCfg = Debug|Win32
		{9377ECAA-9F2B-4B6C-A5A1-250514B60E13}.Lite Debug|Win32.Build.0 = Debug|Win32
		{9377ECAA-9F2B-4B6C-A5A1-250514B60E13}.Lite Release|Win32.ActiveCfg = Release|Win32
		{9377ECAA-9F2B-4B6C-A5A1-250514B60E13}.Lite Release|Win32.Build.0 = Release|Win32
		{9377ECAA-9F2B-4B6C-A5A1-250514B60E13}.Lite Service Release|Win32.ActiveCfg = Release|Win32
		{9377ECAA-9F2B-4B6C-A5A1-250514B60E13}.Lite Service Release|Win32.Build.0 = Release|Win32
		{9377ECAA-9F2B-4B6C-A5A1-250514B60E13}.Recorder Debug|Win32.ActiveCfg = Debug|Win32
		{9377ECAA-9F2B-4B6C-A5A1-250514B60E13}.Recorder Debug|Win32.Build.0 = Debug|Win32
		{9377ECAA-9F2B-4B6C-A5A1-250514B60E13}.Recorder Release|Win32.ActiveCfg = Release|Win32
		{9377ECAA-9F2B-4B6C-A5A1-250514B60E13}.Recorder Release|Win32.Build.0 = Release|Win32
		{9377ECAA-9F2B-4B6C-A5A1-250514B60E13}.Release|Win32.ActiveCfg = Release|Win32
		{9377ECAA-9F2B-4B6C-A5A1-250514B60E13}.Release|Win32.Build.0 = Release|Win32
		{9377ECAA-9F2B-4B6C-A5A1-250514B60E13}.Service Debug|Win32.ActiveCfg = Debug|Win32
		{9377ECAA-9F2B-4B6C-A5A1-250514B60E13}.Service Debug|Win32.Build.0 = Debug|Win32
		{9377ECAA-9F2B-4B6C-A5A1-250514B60E13}.Service Release|Win32.ActiveCfg = Release|Win32
		{9377ECAA-9F2B-4B6C-A5A1-250514B60E13}.Service Release|Win32.Build.0 = Release|Win32
		{9377ECAA-9F2B-4B6C-A5A1-250514B60E13}.Studio Release|Win32.ActiveCfg = Release|Win32
		{9377ECAA-9F2B-4B6C-A5A1-250514B60E13}.Studio Release|Win32.Build.0 = Release|Win32
		{1BA41D93-F8B8-425A-9492-F818BA4F98E8}.Client Debug|Win32.ActiveCfg = Debug|Win32
		{1BA41D93-F8B8-425A-9492-F818BA4F98E8}.Client Debug|Win32.Build.0 = Debug|Win32
		{1BA41D93-F8B8-425A-9492-F818BA4F98E8}.Client Release|Win32.ActiveCfg = Release|Win32
		{1BA41D93-F8B8-425A-9492-F818BA4F98E8}.Client Release|Win32.Build.0 = Release|Win32
		{1BA41D93-F8B8-425A-9492-F818BA4F98E8}.Debug|Win32.ActiveCfg = Debug|Win32
		{1BA41D93-F8B8-425A-9492-F818BA4F98E8}.Debug|Win32.Build.0 = Debug|Win32
		{1BA41D93-F8B8-425A-9492-F818BA4F98E8}.Java Client Debug|Win32.ActiveCfg = Debug|Win32
		{1BA41D93-F8B8-425A-9492-F818BA4F98E8}.Java Client Debug|Win32.Build.0 = Debug|Win32
		{1BA41D93-F8B8-425A-9492-F818BA4F98E8}.Java Debug|Win32.ActiveCfg = Debug|Win32
		{1BA41D93-F8B8-425A-9492-F818BA4F98E8}.Java Debug|Win32.Build.0 = Debug|Win32
		{1BA41D93-F8B8-425A-9492-F818BA4F98E8}.Lite Debug|Win32.ActiveCfg = Debug|Win32
		{1BA41D93-F8B8-425A-9492-F818BA4F98E8}.Lite Debug|Win32.Build.0 = Debug|Win32
		{1BA41D93-F8B8-425A-9492-F818BA4F98E8}.Lite Release|Win32.ActiveCfg = Release|Win32
		{1BA41D93-F8B8-425A-9492-F818BA4F98E8}.Lite Release|Win32.Build.0 = Release|Win32
		{1BA41D93-F8B8-425A-9492-F818BA4F98E8}.Lite Service Release|Win32.ActiveCfg = Release|Win32
		{1BA41D93-F8B8-425A-9492-F818BA4F98E8}.Lite Service Release|Win32.Build.0 = Release|Win32
		{1BA41D93-F8B8-425A-9492-F818BA4F98E8}.Recorder Debug|Win32.ActiveCfg = Debug|Win32
		{1BA41D93-F8B8-425A-9492-F818BA4F98E8}.Recorder Debug|Win32.Build.0 = Debug|Win32
		{1BA41D93-F8B8-425A-9492-F818BA4F98E8}.Recorder Release|Win32.ActiveCfg = Release|Win32
		{1BA41D93-F8B8-425A-9492-F818BA4F98E8}.Recorder Release|Win32.Build.0 = Release|Win32
		{1BA41D93-F8B8-425A-9492-F818BA4F98E8}.Release|Win32.ActiveCfg = Release|Win32
		{1BA41D93-F8B8-425A-9492-F818BA4F98E8}.Release|Win32.Build.0 = Release|Win32
		{1BA41D93-F8B8-425A-9492-F818BA4F98E8}.Service Debug|Win32.ActiveCfg = Debug|Win32
		{1BA41D93-F8B8-425A-9492-F818BA4F98E8}.Service Debug|Win32.Build.0 = Debug|Win32
		{1BA41D93-F8B8-425A-9492-F818BA4F98E8}.Service Release|Win32.ActiveCfg = Release|Win32
		{1BA41D93-F8B8-425A-9492-F818BA4F98E8}.Service Release|Win32.Build.0 = Release|Win32
		{1BA41D93-F8B8-425A-9492-F818BA4F98E8}.Studio Release|Win32.ActiveCfg = Release|Win32
		{1BA41D93-F8B8-425A-9492-F818BA4F98E8}.Studio Release|Win32.Build.0 = Release|Win32
		{3AF240ED-9F95-43A6-8B66-7DA962AD9C81}.Client Debug|Win32.ActiveCfg = Debug|Win32
		{3AF240ED-9F95-43A6-8B66-7DA962AD9C81}.Client Debug|Win32.Build.0 = Debug|Win32
		{3AF240ED-9F95-43A6-8B66-7DA962AD9C81}.Client Release|Win32.ActiveCfg = Release|Win32
		{3AF240ED-9F95-43A6-8B66-7DA962AD9C81}.Client Release|Win32.Build.0 = Release|Win32
		{3AF240ED-9F95-43A6-8B66-7DA962AD9C81}.Debug|Win32.ActiveCfg = Debug|Win32
		{3AF240ED-9F95-43A6-8B66-7DA962AD9C81}.Debug|Win32.Build.0 = Debug|Win32
		{3AF240ED-9F95-43A6-8B66-7DA962AD9C81}.Java Client Debug|Win32.ActiveCfg = Debug|Win32
		{3AF240ED-9F95-43A6-8B66-7DA962AD9C81}.Java Client Debug|Win32.Build.0 = Debug|Win32
		{3AF240ED-9F95-43A6-8B66-7DA962AD9C81}.Java Debug|Win32.ActiveCfg = Debug|Win32
		{3AF240ED-9F95-43A6-8B66-7DA962AD9C81}.Java Debug|Win32.Build.0 = Debug|Win32
		{3AF240ED-9F95-43A6-8B66-7DA962AD9C81}.Lite Debug|Win32.ActiveCfg = Debug|Win32
		{3AF240ED-9F95-43A6-8B66-7DA962AD9C81}.Lite Debug|Win32.Build.0 = Debug|Win32
		{3AF240ED-9F95-43A6-8B66-7DA962AD9C81}.Lite Release|Win32.ActiveCfg = Release|Win32
		{3AF240ED-9F95-43A6-8B66-7DA962AD9C81}.Lite Release|Win32.Build.0 = Release|Win32
		{3AF240ED-9F95-43A6-8B66-7DA962AD9C81}.Lite Service Release|Win32.ActiveCfg = Release|Win32
		{3AF240ED-9F95-43A6-8B66-7DA962AD9C81}.Lite Service Release|Win32.Build.0 = Release|Win32
		{3AF240ED-9F95-43A6-8B66-7DA962AD9C81}.Recorder Debug|Win32.ActiveCfg = Debug|Win32
		{3AF240ED-9F95-43A6-8B66-7DA962AD9C81}.Recorder Debug|Win32.Build.0 = Debug|Win32
		{3AF240ED-9F95-43A6-8B66-7DA962AD9C81}.Recorder Release|Win32.ActiveCfg = Release|Win32
		{3AF240ED-9F95-43A6-8B66-7DA962AD9C81}.Recorder Release|Win32.Build.0 = Release|Win32
		{3AF240ED-9F95-43A6-8B66-7DA962AD9C81}.Release|Win32.ActiveCfg = Release|Win32
		{3AF240ED-9F95-43A6-8B66-7DA962AD9C81}.Release|Win32.Build.0 = Release|Win32
		{3AF240ED-9F95-43A6-8B66-7DA962AD9C81}.Service Debug|Win32.ActiveCfg = Debug|Win32
		{3AF240ED-9F95-43A6-8B66-7DA962AD9C81}.Service Debug|Win32.Build.0 = Debug|Win32
		{3AF240ED-9F95-43A6-8B66-7DA962AD9C81}.Service Release|Win32.ActiveCfg = Release|Win32
		{3AF240ED-9F95-43A6-8B66-7DA962AD9C81}.Service Release|Win32.Build.0 = Release|Win32
		{3AF240ED-9F95-43A6-8B66-7DA962AD9C81}.Studio Release|Win32.ActiveCfg = Release|Win32
		{3AF240ED-9F95-43A6-8B66-7DA962AD9C81}.Studio Release|Win32.Build.0 = Release|Win32
		{BA59BE43-7986-4E88-A786-21EC68814002}.Client Debug|Win32.ActiveCfg = Debug|Win32
		{BA59BE43-7986-4E88-A786-21EC68814002}.Client Debug|Win32.Build.0 = Debug|Win32
		{BA59BE43-7986-4E88-A786-21EC68814002}.Client Release|Win32.ActiveCfg = Release|Win32
		{BA59BE43-7986-4E88-A786-21EC68814002}.Client Release|Win32.Build.0 = Release|Win32
		{BA59BE43-7986-4E88-A786-21EC68814002}.Debug|Win32.ActiveCfg = Debug|Win32
		{BA59BE43-7986-4E88-A786-21EC68814002}.Debug|Win32.Build.0 = Debug|Win32
		{BA59BE43-7986-4E88-A786-21EC68814002}.Java Client Debug|Win32.ActiveCfg = Debug|Win32
		{BA59BE43-7986-4E88-A786-21EC68814002}.Java Client Debug|Win32.Build.0 = Debug|Win32
		{BA59BE43-7986-4E88-A786-21EC68814002}.Java Debug|Win32.ActiveCfg = Debug|Win32
		{BA59BE43-7986-4E88-A786-21EC68814002}.Java Debug|Win32.Build.0 = Debug|Win32
		{BA59BE43-7986-4E88-A786-21EC68814002}.Lite Debug|Win32.ActiveCfg = Debug|Win32
		{BA59BE43-7986-4E88-A786-21EC68814002}.Lite Debug|Win32.Build.0 = Debug|Win32
		{BA59BE43-7986-4E88-A786-21EC68814002}.Lite Release|Win32.ActiveCfg = Release|Win32
		{BA59BE43-7986-4E88-A786-21EC68814002}.Lite Release|Win32.Build.0 = Release|Win32
		{BA59BE43-7986-4E88-A786-21EC68814002}.Lite Service Release|Win32.ActiveCfg = Release|Win32
		{BA59BE43-7986-4E88-A786-21EC68814002}.Lite Service Release|Win32.Build.0 = Release|Win32
		{BA59BE43-7986-4E88-A786-21EC68814002}.Recorder Debug|Win32.ActiveCfg = Debug|Win32
		{BA59BE43-7986-4E88-A786-21EC68814002}.Recorder Debug|Win32.Build.0 = Debug|Win32
		{BA59BE43-7986-4E88-A786-21EC68814002}.Recorder Release|Win32.ActiveCfg = Release|Win32
		{BA59BE43-7986-4E88-A786-21EC68814002}.Recorder Release|Win32.Build.0 = Release|Win32
		{BA59BE43-7986-4E88-A786-21EC68814002}.Release|Win32.ActiveCfg = Release|Win32
		{BA59BE43-7986-4E88-A786-21EC68814002}.Release|Win32.Build.0 = Release|Win32
		{BA59BE43-7986-4E88-A786-21EC68814002}.Service Debug|Win32.ActiveCfg = Debug|Win32
		{BA59BE43-7986-4E88-A786-21EC68814002}.Service Debug|Win32.Build.0 = Debug|Win32
		{BA59BE43-7986-4E88-A786-21EC68814002}.Service Release|Win32.ActiveCfg = Release|Win32
		{BA59BE43-7986-4E88-A786-21EC68814002}.Service Release|Win32.Build.0 = Release|Win32
		{BA59BE43-7986-4E88-A786-21EC68814002}.Studio Release|Win32.ActiveCfg = Release|Win32
		{BA59BE43-7986-4E88-A786-21EC68814002}.Studio Release|Win32.Build.0 = Release|Win32
		{5CA60F60-D352-4843-B606-60F9125ACB0E}.Client Debug|Win32.ActiveCfg = Debug|Win32
		{5CA60F60-D352-4843-B606-60F9125ACB0E}.Client Debug|Win32.Build.0 = Debug|Win32
		{5CA60F60-D352-4843-B606-60F9125ACB0E}.Client Release|Win32.ActiveCfg = Release|Win32
		{5CA60F60-D352-4843-B606-60F9125ACB0E}.Client Release|Win32.Build.0 = Release|Win32
		{5CA60F60-D352-4843-B606-60F9125ACB0E}.Debug|Win32.ActiveCfg = Debug|Win32
		{5CA60F60-D352-4843-B606-60F9125ACB0E}.Debug|Win32.Build.0 = Debug|Win32
		{5CA60F60-D352-4843-B606-60F9125ACB0E}.Java Client Debug|Win32.ActiveCfg = Debug|Win32
		{5CA60F60-D352-4843-B606-60F9125ACB0E}.Java Client Debug|Win32.Build.0 = Debug|Win32
		{5CA60F60-D352-4843-B606-60F9125ACB0E}.Java Debug|Win32.ActiveCfg = Debug|Win32
		{5CA60F60-D352-4843-B606-60F9125ACB0E}.Java Debug|Win32.Build.0 = Debug|Win32
		{5CA60F60-D352-4843-B606-60F9125ACB0E}.Lite Debug|Win32.ActiveCfg = Debug|Win32
		{5CA60F60-D352-4843-B606-60F9125ACB0E}.Lite Debug|Win32.Build.0 = Debug|Win32
		{5CA60F60-D352-4843-B606-60F9125ACB0E}.Lite Release|Win32.ActiveCfg = Release|Win32
		{5CA60F60-D352-4843-B606-60F9125ACB0E}.Lite Release|Win32.Build.0 = Release|Win32
		{5CA60F60-D352-4843-B606-60F9125ACB0E}.Lite Service Release|Win32.ActiveCfg = Release|Win32
		{5CA60F60-D352-4843-B606-60F9125ACB0E}.Lite Service Release|Win32.Build.0 = Release|Win32
		{5CA60F60-D352-4843-B606-60F9125ACB0E}.Recorder Debug|Win32.ActiveCfg = Debug|Win32
		{5CA60F60-D352-4843-B606-60F9125ACB0E}.Recorder Debug|Win32.Build.0 = Debug|Win32
		{5CA60F60-D352-4843-B606-60F9125ACB0E}.Recorder Release|Win32.ActiveCfg = Release|Win32
		{5CA60F60-D352-4843-B606-60F9125ACB0E}.Recorder Release|Win32.Build.0 = Release|Win32
		{5CA60F60-D352-4843-B606-60F9125ACB0E}.Release|Win32.ActiveCfg = Release|Win32
		{5CA60F60-D352-4843-B606-60F9125ACB0E}.Release|Win32.Build.0 = Release|Win32
		{5CA60F60-D352-4843-B606-60F9125ACB0E}.Service Debug|Win32.ActiveCfg = Debug|Win32
		{5CA60F60-D352-4843-B606-60F9125ACB0E}.Service Debug|Win32.Build.0 = Debug|Win32
		{5CA60F60-D352-4843-B606-60F9125ACB0E}.Service Release|Win32.ActiveCfg = Release|Win32
		{5CA60F60-D352-4843-B606-60F9125ACB0E}.Service Release|Win32.Build.0 = Release|Win32
		{5CA60F60-D352-4843-B606-60F9125ACB0E}.Studio Release|Win32.ActiveCfg = Release|Win32
		{5CA60F60-D352-4843-B606-60F9125ACB0E}.Studio Release|Win32.Build.0 = Release|Win32
		{DEF1431A-A5A5-49B9-9157-87556E28F2A3}.Client Debug|Win32.ActiveCfg = Debug|Win32
		{DEF1431A-A5A5-49B9-9157-87556E28F2A3}.Client Debug|Win32.Build.0 = Debug|Win32
		{DEF1431A-A5A5-49B9-9157-87556E28F2A3}.Client Release|Win32.ActiveCfg = Release|Win32
		{DEF1431A-A5A5-49B9-9157-87556E28F2A3}.Client Release|Win32.Build.0 = Release|Win32
		{DEF1431A-A5A5-49B9-9157-87556E28F2A3}.Debug|Win32.ActiveCfg = Debug|Win32
		{DEF1431A-A5A5-49B9-9157-87556E28F2A3}.Debug|Win32.Build.0 = Debug|Win32
		{DEF1431A-A5A5-49B9-9157-87556E28F2A3}.Java Client Debug|Win32.ActiveCfg = Debug|Win32
		{DEF1431A-A5A5-49B9-9157-87556E28F2A3}.Java Client Debug|Win32.Build.0 = Debug|Win32
		{DEF1431A-A5A5-49B9-9157-87556E28F2A3}.Java Debug|Win32.ActiveCfg = Debug|Win32
		{DEF1431A-A5A5-49B9-9157-87556E28F2A3}.Java Debug|Win32.Build.0 = Debug|Win32
		{DEF1431A-A5A5-49B9-9157-87556E28F2A3}.Lite Debug|Win32.ActiveCfg = Debug|Win32
		{DEF1431A-A5A5-49B9-9157-87556E28F2A3}.Lite Debug|Win32.Build.0 = Debug|Win32
		{DEF1431A-A5A5-49B9-9157-87556E28F2A3}.Lite Release|Win32.ActiveCfg = Release|Win32
		{DEF1431A-A5A5-49B9-9157-87556E28F2A3}.Lite Release|Win32.Build.0 = Release|Win32
		{DEF1431A-A5A5-49B9-9157-87556E28F2A3}.Lite Service Release|Win32.ActiveCfg = Release|Win32
		{DEF1431A-A5A5-49B9-9157-87556E28F2A3}.Lite Service Release|Win32.Build.0 = Release|Win32
		{DEF1431A-A5A5-49B9-9157-87556E28F2A3}.Recorder Debug|Win32.ActiveCfg = Debug|Win32
		{DEF1431A-A5A5-49B9-9157-87556E28F2A3}.Recorder Debug|Win32.Build.0 = Debug|Win32
		{DEF1431A-A5A5-49B9-9157-87556E28F2A3}.Recorder Release|Win32.ActiveCfg = Release|Win32
		{DEF1431A-A5A5-49B9-9157-87556E28F2A3}.Recorder Release|Win32.Build.0 = Release|Win32
		{DEF1431A-A5A5-49B9-9157-87556E28F2A3}.Release|Win32.ActiveCfg = Release|Win32
		{DEF1431A-A5A5-49B9-9157-87556E28F2A3}.Release|Win32.Build.0 = Release|Win32
		{DEF1431A-A5A5-49B9-9157-87556E28F2A3}.Service Debug|Win32.ActiveCfg = Debug|Win32
		{DEF1431A-A5A5-49B9-9157-87556E28F2A3}.Service Debug|Win32.Build.0 = Debug|Win32
		{DEF1431A-A5A5-49B9-9157-87556E28F2A3}.Service Release|Win32.ActiveCfg = Release|Win32
		{DEF1431A-A5A5-49B9-9157-87556E28F2A3}.Service Release|Win32.Build.0 = Release|Win32
		{DEF1431A-A5A5-49B9-9157-87556E28F2A3}.Studio Release|Win32.ActiveCfg = Release|Win32
		{DEF1431A-A5A5-49B9-9157-87556E28F2A3}.Studio Release|Win32.Build.0 = Release|Win32
		{31171103-BB13-4B5B-B086-3C0225A55250}.Client Debug|Win32.ActiveCfg = Debug|Win32
		{31171103-BB13-4B5B-B086-3C0225A55250}.Client Debug|Win32.Build.0 = Debug|Win32
		{31171103-BB13-4B5B-B086-3C0225A55250}.Client Release|Win32.ActiveCfg = Release|Win32
		{31171103-BB13-4B5B-B086-3C0225A55250}.Client Release|Win32.Build.0 = Release|Win32
		{31171103-BB13-4B5B-B086-3C0225A55250}.Debug|Win32.ActiveCfg = Debug|Win32
		{31171103-BB13-4B5B-B086-3C0225A55250}.Debug|Win32.Build.0 = Debug|Win32
		{31171103-BB13-4B5B-B086-3C0225A55250}.Java Client Debug|Win32.ActiveCfg = Debug|Win32
		{31171103-BB13-4B5B-B086-3C0225A55250}.Java Client Debug|Win32.Build.0 = Debug|Win32
		{31171103-BB13-4B5B-B086-3C0225A55250}.Java Debug|Win32.ActiveCfg = Debug|Win32
		{31171103-BB13-4B5B-B086-3C0225A55250}.Java Debug|Win32.Build.0 = Debug|Win32
		{31171103-BB13-4B5B-B086-3C0225A55250}.Lite Debug|Win32.ActiveCfg = Debug|Win32
		{31171103-BB13-4B5B-B086-3C0225A55250}.Lite Debug|Win32.Build.0 = Debug|Win32
		{31171103-BB13-4B5B-B086-3C0225A55250}.Lite Release|Win32.ActiveCfg = Release|Win32
		{31171103-BB13-4B5B-B086-3C0225A55250}.Lite Release|Win32.Build.0 = Release|Win32
		{31171103-BB13-4B5B-B086-3C0225A55250}.Lite Service Release|Win32.ActiveCfg = Release|Win32
		{31171103-BB13-4B5B-B086-3C0225A55250}.Lite Service Release|Win32.Build.0 = Release|Win32
		{31171103-BB13-4B5B-B086-3C0225A55250}.Recorder Debug|Win32.ActiveCfg = Debug|Win32
		{31171103-BB13-4B5B-B086-3C0225A55250}.Recorder Debug|Win32.Build.0 = Debug|Win32
		{31171103-BB13-4B5B-B086-3C0225A55250}.Recorder Release|Win32.ActiveCfg = Release|Win32
		{31171103-BB13-4B5B-B086-3C0225A55250}.Recorder Release|Win32.Build.0 = Release|Win32
		{31171103-BB13-4B5B-B086-3C0225A55250}.Release|Win32.ActiveCfg = Release|Win32
		{31171103-BB13-4B5B-B086-3C0225A55250}.Release|Win32.Build.0 = Release|Win32
		{31171103-BB13-4B5B-B086-3C0225A55250}.Service Debug|Win32.ActiveCfg = Debug|Win32
		{31171103-BB13-4B5B-B086-3C0225A55250}.Service Debug|Win32.Build.0 = Debug|Win32
		{31171103-BB13-4B5B-B086-3C0225A55250}.Service Release|Win32.ActiveCfg = Release|Win32
		{31171103-BB13-4B5B-B086-3C0225A55250}.Service Release|Win32.Build.0 = Release|Win32
		{31171103-BB13-4B5B-B086-3C0225A55250}.Studio Release|Win32.ActiveCfg = Release|Win32
		{31171103-BB13-4B5B-B086-3C0225A55250}.Studio Release|Win32.Build.0 = Release|Win32
		{0E413E0D-2BE6-499C-BFAE-FE887A29D87D}.Client Debug|Win32.ActiveCfg = Debug|Win32
		{0E413E0D-2BE6-499C-BFAE-FE887A29D87D}.Client Debug|Win32.Build.0 = Debug|Win32
		{0E413E0D-2BE6-499C-BFAE-FE887A29D87D}.Client Release|Win32.ActiveCfg = Release|Win32
		{0E413E0D-2BE6-499C-BFAE-FE887A29D87D}.Client Release|Win32.Build.0 = Release|Win32
		{0E413E0D-2BE6-499C-BFAE-FE887A29D87D}.Debug|Win32.ActiveCfg = Debug|Win32
		{0E413E0D-2BE6-499C-BFAE-FE887A29D87D}.Debug|Win32.Build.0 = Debug|Win32
		{0E413E0D-2BE6-499C-BFAE-FE887A29D87D}.Java Client Debug|Win32.ActiveCfg = Debug|Win32
		{0E413E0D-2BE6-499C-BFAE-FE887A29D87D}.Java Client Debug|Win32.Build.0 = Debug|Win32
		{0E413E0D-2BE6-499C-BFAE-FE887A29D87D}.Java Debug|Win32.ActiveCfg = Debug|Win32
		{0E413E0D-2BE6-499C-BFAE-FE887A29D87D}.Java Debug|Win32.Build.0 = Debug|Win32
		{0E413E0D-2BE6-499C-BFAE-FE887A29D87D}.Lite Debug|Win32.ActiveCfg = Debug|Win32
		{0E413E0D-2BE6-499C-BFAE-FE887A29D87D}.Lite Debug|Win32.Build.0 = Debug|Win32
		{0E413E0D-2BE6-499C-BFAE-FE887A29D87D}.Lite Release|Win32.ActiveCfg = Release|Win32
		{0E413E0D-2BE6-499C-BFAE-FE887A29D87D}.Lite Release|Win32.Build.0 = Release|Win32
		{0E413E0D-2BE6-499C-BFAE-FE887A29D87D}.Lite Service Release|Win32.ActiveCfg = Release|Win32
		{0E413E0D-2BE6-499C-BFAE-FE887A29D87D}.Lite Service Release|Win32.Build.0 = Release|Win32
		{0E413E0D-2BE6-499C-BFAE-FE887A29D87D}.Recorder Debug|Win32.ActiveCfg = Debug|Win32
		{0E413E0D-2BE6-499C-BFAE-FE887A29D87D}.Recorder Debug|Win32.Build.0 = Debug|Win32
		{0E413E0D-2BE6-499C-BFAE-FE887A29D87D}.Recorder Release|Win32.ActiveCfg = Release|Win32
		{0E413E0D-2BE6-499C-BFAE-FE887A29D87D}.Recorder Release|Win32.Build.0 = Release|Win32
		{0E413E0D-2BE6-499C-BFAE-FE887A29D87D}.Release|Win32.ActiveCfg = Release|Win32
		{0E413E0D-2BE6-499C-BFAE-FE887A29D87D}.Release|Win32.Build.0 = Release|Win32
		{0E413E0D-2BE6-499C-BFAE-FE887A29D87D}.Service Debug|Win32.ActiveCfg = Debug|Win32
		{0E413E0D-2BE6-499C-BFAE-FE887A29D87D}.Service Debug|Win32.Build.0 = Debug|Win32
		{0E413E0D-2BE6-499C-BFAE-FE887A29D87D}.Service Release|Win32.ActiveCfg = Release|Win32
		{0E413E0D-2BE6-499C-BFAE-FE887A29D87D}.Service Release|Win32.Build.0 = Release|Win32
		{0E413E0D-2BE6-499C-BFAE-FE887A29D87D}.Studio Release|Win32.ActiveCfg = Release|Win32
		{0E413E0D-2BE6-499C-BFAE-FE887A29D87D}.Studio Release|Win32.Build.0 = Release|Win32
		{6C5C9806-7263-4CE5-ABEE-3190FE852023}.Client Debug|Win32.ActiveCfg = Debug|Win32
		{6C5C9806-7263-4CE5-ABEE-3190FE852023}.Client Debug|Win32.Build.0 = Debug|Win32
		{6C5C9806-7263-4CE5-ABEE-3190FE852023}.Client Release|Win32.ActiveCfg = Release|Win32
		{6C5C9806-7263-4CE5-ABEE-3190FE852023}.Client Release|Win32.Build.0 = Release|Win32
		{6C5C9806-7263-4CE5-ABEE-3190FE852023}.Debug|Win32.ActiveCfg = Debug|Win32
		{6C5C9806-7263-4CE5-ABEE-3190FE852023}.Debug|Win32.Build.0 = Debug|Win32
		{6C5C9806-7263-4CE5-ABEE-3190FE852023}.Java Client Debug|Win32.ActiveCfg = Debug|Win32
		{6C5C9806-7263-4CE5-ABEE-3190FE852023}.Java Client Debug|Win32.Build.0 = Debug|Win32
		{6C5C9806-7263-4CE5-ABEE-3190FE852023}.Java Debug|Win32.ActiveCfg = Debug|Win32
		{6C5C9806-7263-4CE5-ABEE-3190FE852023}.Java Debug|Win32.Build.0 = Debug|Win32
		{6C5C9806-7263-4CE5-ABEE-3190FE852023}.Lite Debug|Win32.ActiveCfg = Debug|Win32
		{6C5C9806-7263-4CE5-ABEE-3190FE852023}.Lite Debug|Win32.Build.0 = Debug|Win32
		{6C5C9806-7263-4CE5-ABEE-3190FE852023}.Lite Release|Win32.ActiveCfg = Release|Win32
		{6C5C9806-7263-4CE5-ABEE-3190FE852023}.Lite Release|Win32.Build.0 = Release|Win32
		{6C5C9806-7263-4CE5-ABEE-3190FE852023}.Lite Service Release|Win32.ActiveCfg = Release|Win32
		{6C5C9806-7263-4CE5-ABEE-3190FE852023}.Lite Service Release|Win32.Build.0 = Release|Win32
		{6C5C9806-7263-4CE5-ABEE-3190FE852023}.Recorder Debug|Win32.ActiveCfg = Debug|Win32
		{6C5C9806-7263-4CE5-ABEE-3190FE852023}.Recorder Debug|Win32.Build.0 = Debug|Win32
		{6C5C9806-7263-4CE5-ABEE-3190FE852023}.Recorder Release|Win32.ActiveCfg = Release|Win32
		{6C5C9806-7263-4CE5-ABEE-3190FE852023}.Recorder Release|Win32.Build.0 = Release|Win32
		{6C5C9806-7263-4CE5-ABEE-3190FE852023}.Release|Win32.ActiveCfg = Release|Win32
		{6C5C9806-7263-4CE5-ABEE-3190FE852023}.Release|Win32.Build.0 = Release|Win32
		{6C5C9806-7263-4CE5-ABEE-3190FE852023}.Service Debug|Win32.ActiveCfg = Debug|Win32
		{6C5C9806-7263-4CE5-ABEE-3190FE852023}.Service Debug|Win32.Build.0 = Debug|Win32
		{6C5C9806-7263-4CE5-ABEE-3190FE852023}.Service Release|Win32.ActiveCfg = Release|Win32
		{6C5C9806-7263-4CE5-ABEE-3190FE852023}.Service Release|Win32.Build.0 = Release|Win32
		{6C5C9806-7263-4CE5-ABEE-3190FE852023}.Studio Release|Win32.ActiveCfg = Release|Win32
		{6C5C9806-7263-4CE5-ABEE-3190FE852023}.Studio Release|Win32.Build.0 = Release|Win32
		{D7D53682-AC32-437E-BFAB-C06A44F095FF}.Client Debug|Win32.ActiveCfg = Debug|Win32
		{D7D53682-AC32-437E-BFAB-C06A44F095FF}.Client Debug|Win32.Build.0 = Debug|Win32
		{D7D53682-AC32-437E-BFAB-C06A44F095FF}.Client Release|Win32.ActiveCfg = Release|Win32
		{D7D53682-AC32-437E-BFAB-C06A44F095FF}.Client Release|Win32.Build.0 = Release|Win32
		{D7D53682-AC32-437E-BFAB-C06A44F095FF}.Debug|Win32.ActiveCfg = Debug|Win32
		{D7D53682-AC32-437E-BFAB-C06A44F095FF}.Debug|Win32.Build.0 = Debug|Win32
		{D7D53682-AC32-437E-BFAB-C06A44F095FF}.Java Client Debug|Win32.ActiveCfg = Debug|Win32
		{D7D53682-AC32-437E-BFAB-C06A44F095FF}.Java Client Debug|Win32.Build.0 = Debug|Win32
		{D7D53682-AC32-437E-BFAB-C06A44F095FF}.Java Debug|Win32.ActiveCfg = Debug|Win32
		{D7D53682-AC32-437E-BFAB-C06A44F095FF}.Java Debug|Win32.Build.0 = Debug|Win32
		{D7D53682-AC32-437E-BFAB-C06A44F095FF}.Lite Debug|Win32.ActiveCfg = Debug|Win32
		{D7D53682-AC32-437E-BFAB-C06A44F095FF}.Lite Debug|Win32.Build.0 = Debug|Win32
		{D7D53682-AC32-437E-BFAB-C06A44F095FF}.Lite Release|Win32.ActiveCfg = Release|Win32
		{D7D53682-AC32-437E-BFAB-C06A44F095FF}.Lite Release|Win32.Build.0 = Release|Win32
		{D7D53682-AC32-437E-BFAB-C06A44F095FF}.Lite Service Release|Win32.ActiveCfg = Release|Win32
		{D7D53682-AC32-437E-BFAB-C06A44F095FF}.Lite Service Release|Win32.Build.0 = Release|Win32
		{D7D53682-AC32-437E-BFAB-C06A44F095FF}.Recorder Debug|Win32.ActiveCfg = Debug|Win32
		{D7D53682-AC32-437E-BFAB-C06A44F095FF}.Recorder Debug|Win32.Build.0 = Debug|Win32
		{D7D53682-AC32-437E-BFAB-C06A44F095FF}.Recorder Release|Win32.ActiveCfg = Release|Win32
		{D7D53682-AC32-437E-BFAB-C06A44F095FF}.Recorder Release|Win32.Build.0 = Release|Win32
		{D7D53682-AC32-437E-BFAB-C06A44F095FF}.Release|Win32.ActiveCfg = Release|Win32
		{D7D53682-AC32-437E-BFAB-C06A44F095FF}.Release|Win32.Build.0 = Release|Win32
		{D7D53682-AC32-437E-BFAB-C06A44F095FF}.Service Debug|Win32.ActiveCfg = Debug|Win32
		{D7D53682-AC32-437E-BFAB-C06A44F095FF}.Service Debug|Win32.Build.0 = Debug|Win32
		{D7D53682-AC32-437E-BFAB-C06A44F095FF}.Service Release|Win32.ActiveCfg = Release|Win32
		{D7D53682-AC32-437E-BFAB-C06A44F095FF}.Service Release|Win32.Build.0 = Release|Win32
		{D7D53682-AC32-437E-BFAB-C06A44F095FF}.Studio Release|Win32.ActiveCfg = Release|Win32
		{D7D53682-AC32-437E-BFAB-C06A44F095FF}.Studio Release|Win32.Build.0 = Release|Win32
		{2729999B-4EBD-4B3B-A62B-FC70BEA679CC}.Client Debug|Win32.ActiveCfg = Debug|Win32
		{2729999B-4EBD-4B3B-A62B-FC70BEA679CC}.Client Debug|Win32.Build.0 = Debug|Win32
		{2729999B-4EBD-4B3B-A62B-FC70BEA679CC}.Client Release|Win32.ActiveCfg = Release|Win32
		{2729999B-4EBD-4B3B-A62B-FC70BEA679CC}.Client Release|Win32.Build.0 = Release|Win32
		{2729999B-4EBD-4B3B-A62B-FC70BEA679CC}.Debug|Win32.ActiveCfg = Debug|Win32
		{2729999B-4EBD-4B3B-A62B-FC70BEA679CC}.Debug|Win32.Build.0 = Debug|Win32
		{2729999B-4EBD-4B3B-A62B-FC70BEA679CC}.Java Client Debug|Win32.ActiveCfg = Debug|Win32
		{2729999B-4EBD-4B3B-A62B-FC70BEA679CC}.Java Client Debug|Win32.Build.0 = Debug|Win32
		{2729999B-4EBD-4B3B-A62B-FC70BEA679CC}.Java Debug|Win32.ActiveCfg = Debug|Win32
		{2729999B-4EBD-4B3B-A62B-FC70BEA679CC}.Java Debug|Win32.Build.0 = Debug|Win32
		{2729999B-4EBD-4B3B-A62B-FC70BEA679CC}.Lite Debug|Win32.ActiveCfg = Debug|Win32
		{2729999B-4EBD-4B3B-A62B-FC70BEA679CC}.Lite Debug|Win32.Build.0 = Debug|Win32
		{2729999B-4EBD-4B3B-A62B-FC70BEA679CC}.Lite Release|Win32.ActiveCfg = Release|Win32
		{2729999B-4EBD-4B3B-A62B-FC70BEA679CC}.Lite Release|Win32.Build.0 = Release|Win32
		{2729999B-4EBD-4B3B-A62B-FC70BEA679CC}.Lite Service Release|Win32.ActiveCfg = Release|Win32
		{2729999B-4EBD-4B3B-A62B-FC70BEA679CC}.Lite Service Release|Win32.Build.0 = Release|Win32
		{2729999B-4EBD-4B3B-A62B-FC70BEA679CC}.Recorder Debug|Win32.ActiveCfg = Debug|Win32
		{2729999B-4EBD-4B3B-A62B-FC70BEA679CC}.Recorder Debug|Win32.Build.0 = Debug|Win32
		{2729999B-4EBD-4B3B-A62B-FC70BEA679CC}.Recorder Release|Win32.ActiveCfg = Release|Win32
		{2729999B-4EBD-4B3B-A62B-FC70BEA679CC}.Recorder Release|Win32.Build.0 = Release|Win32
		{2729999B-4EBD-4B3B-A62B-FC70BEA679CC}.Release|Win32.ActiveCfg = Release|Win32
		{2729999B-4EBD-4B3B-A62B-FC70BEA679CC}.Release|Win32.Build.0 = Release|Win32
		{2729999B-4EBD-4B3B-A62B-FC70BEA679CC}.Service Debug|Win32.ActiveCfg = Debug|Win32
		{2729999B-4EBD-4B3B-A62B-FC70BEA679CC}.Service Debug|Win32.Build.0 = Debug|Win32
		{2729999B-4EBD-4B3B-A62B-FC70BEA679CC}.Service Release|Win32.ActiveCfg = Release|Win32
		{2729999B-4EBD-4B3B-A62B-FC70BEA679CC}.Service Release|Win32.Build.0 = Release|Win32
		{2729999B-4EBD-4B3B-A62B-FC70BEA679CC}.Studio Release|Win32.ActiveCfg = Release|Win32
		{2729999B-4EBD-4B3B-A62B-FC70BEA679CC}.Studio Release|Win32.Build.0 = Release|Win32
		{BDF9AB92-FA05-4468-8A4D-B2104439146A}.Client Debug|Win32.ActiveCfg = Debug|Win32
		{BDF9AB92-FA05-4468-8A4D-B2104439146A}.Client Debug|Win32.Build.0 = Debug|Win32
		{BDF9AB92-FA05-4468-8A4D-B2104439146A}.Client Release|Win32.ActiveCfg = Release|Win32
		{BDF9AB92-FA05-4468-8A4D-B2104439146A}.Client Release|Win32.Build.0 = Release|Win32
		{BDF9AB92-FA05-4468-8A4D-B2104439146A}.Debug|Win32.ActiveCfg = Debug|Win32
		{BDF9AB92-FA05-4468-8A4D-B2104439146A}.Debug|Win32.Build.0 = Debug|Win32
		{BDF9AB92-FA05-4468-8A4D-B2104439146A}.Java Client Debug|Win32.ActiveCfg = Debug|Win32
		{BDF9AB92-FA05-4468-8A4D-B2104439146A}.Java Client Debug|Win32.Build.0 = Debug|Win32
		{BDF9AB92-FA05-4468-8A4D-B2104439146A}.Java Debug|Win32.ActiveCfg = Debug|Win32
		{BDF9AB92-FA05-4468-8A4D-B2104439146A}.Java Debug|Win32.Build.0 = Debug|Win32
		{BDF9AB92-FA05-4468-8A4D-B2104439146A}.Lite Debug|Win32.ActiveCfg = Debug|Win32
		{BDF9AB92-FA05-4468-8A4D-B2104439146A}.Lite Debug|Win32.Build.0 = Debug|Win32
		{BDF9AB92-FA05-4468-8A4D-B2104439146A}.Lite Release|Win32.ActiveCfg = Release|Win32
		{BDF9AB92-FA05-4468-8A4D-B2104439146A}.Lite Release|Win32.Build.0 = Release|Win32
		{BDF9AB92-FA05-4468-8A4D-B2104439146A}.Lite Service Release|Win32.ActiveCfg = Release|Win32
		{BDF9AB92-FA05-4468-8A4D-B2104439146A}.Lite Service Release|Win32.Build.0 = Release|Win32
		{BDF9AB92-FA05-4468-8A4D-B2104439146A}.Recorder Debug|Win32.ActiveCfg = Debug|Win32
		{BDF9AB92-FA05-4468-8A4D-B2104439146A}.Recorder Debug|Win32.Build.0 = Debug|Win32
		{BDF9AB92-FA05-4468-8A4D-B2104439146A}.Recorder Release|Win32.ActiveCfg = Release|Win32
		{BDF9AB92-FA05-4468-8A4D-B2104439146A}.Recorder Release|Win32.Build.0 = Release|Win32
		{BDF9AB92-FA05-4468-8A4D-B2104439146A}.Release|Win32.ActiveCfg = Release|Win32
		{BDF9AB92-FA05-4468-8A4D-B2104439146A}.Release|Win32.Build.0 = Release|Win32
		{BDF9AB92-FA05-4468-8A4D-B2104439146A}.Service Debug|Win32.ActiveCfg = Debug|Win32
		{BDF9AB92-FA05-4468-8A4D-B2104439146A}.Service Debug|Win32.Build.0 = Debug|Win32
		{BDF9AB92-FA05-4468-8A4D-B2104439146A}.Service Release|Win32.ActiveCfg = Release|Win32
		{BDF9AB92-FA05-4468-8A4D-B2104439146A}.Service Release|Win32.Build.0 = Release|Win32
		{BDF9AB92-FA05-4468-8A4D-B2104439146A}.Studio Release|Win32.ActiveCfg = Release|Win32
		{BDF9AB92-FA05-4468-8A4D-B2104439146A}.Studio Release|Win32.Build.0 = Release|Win32
		{456FE190-511C-428E-88FC-E432C87D29FF}.Client Debug|Win32.ActiveCfg = Debug|Win32
		{456FE190-511C-428E-88FC-E432C87D29FF}.Client Debug|Win32.Build.0 = Debug|Win32
		{456FE190-511C-428E-88FC-E432C87D29FF}.Client Release|Win32.ActiveCfg = Release|Win32
		{456FE190-511C-428E-88FC-E432C87D29FF}.Client Release|Win32.Build.0 = Release|Win32
		{456FE190-511C-428E-88FC-E432C87D29FF}.Debug|Win32.ActiveCfg = Debug|Win32
		{456FE190-511C-428E-88FC-E432C87D29FF}.Debug|Win32.Build.0 = Debug|Win32
		{456FE190-511C-428E-88FC-E432C87D29FF}.Java Client Debug|Win32.ActiveCfg = Debug|Win32
		{456FE190-511C-428E-88FC-E432C87D29FF}.Java Client Debug|Win32.Build.0 = Debug|Win32
		{456FE190-511C-428E-88FC-E432C87D29FF}.Java Debug|Win32.ActiveCfg = Debug|Win32
		{456FE190-511C-428E-88FC-E432C87D29FF}.Java Debug|Win32.Build.0 = Debug|Win32
		{456FE190-511C-428E-88FC-E432C87D29FF}.Lite Debug|Win32.ActiveCfg = Debug|Win32
		{456FE190-511C-428E-88FC-E432C87D29FF}.Lite Debug|Win32.Build.0 = Debug|Win32
		{456FE190-511C-428E-88FC-E432C87D29FF}.Lite Release|Win32.ActiveCfg = Release|Win32
		{456FE190-511C-428E-88FC-E432C87D29FF}.Lite Release|Win32.Build.0 = Release|Win32
		{456FE190-511C-428E-88FC-E432C87D29FF}.Lite Service Release|Win32.ActiveCfg = Release|Win32
		{456FE190-511C-428E-88FC-E432C87D29FF}.Lite Service Release|Win32.Build.0 = Release|Win32
		{456FE190-511C-428E-88FC-E432C87D29FF}.Recorder Debug|Win32.ActiveCfg = Debug|Win32
		{456FE190-511C-428E-88FC-E432C87D29FF}.Recorder Debug|Win32.Build.0 = Debug|Win32
		{456FE190-511C-428E-88FC-E432C87D29FF}.Recorder Release|Win32.ActiveCfg = Release|Win32
		{456FE190-511C-428E-88FC-E432C87D29FF}.Recorder Release|Win32.Build.0 = Release|Win32
		{456FE190-511C-428E-88FC-E432C87D29FF}.Release|Win32.ActiveCfg = Release|Win32
		{456FE190-511C-428E-88FC-E432C87D29FF}.Release|Win32.Build.0 = Release|Win32
		{456FE190-511C-428E-88FC-E432C87D29FF}.Service Debug|Win32.ActiveCfg = Debug|Win32
		{456FE190-511C-428E-88FC-E432C87D29FF}.Service Debug|Win32.Build.0 = Debug|Win32
		{456FE190-511C-428E-88FC-E432C87D29FF}.Service Release|Win32.ActiveCfg = Release|Win32
		{456FE190-511C-428E-88FC-E432C87D29FF}.Service Release|Win32.Build.0 = Release|Win32
		{456FE190-511C-428E-88FC-E432C87D29FF}.Studio Release|Win32.ActiveCfg = Release|Win32
		{456FE190-511C-428E-88FC-E432C87D29FF}.Studio Release|Win32.Build.0 = Release|Win32
		{A2D656C0-0327-47E3-9F88-141E7A12CAF2}.Client Debug|Win32.ActiveCfg = Debug|Win32
		{A2D656C0-0327-47E3-9F88-141E7A12CAF2}.Client Debug|Win32.Build.0 = Debug|Win32
		{A2D656C0-0327-47E3-9F88-141E7A12CAF2}.Client Release|Win32.ActiveCfg = Release|Win32
		{A2D656C0-0327-47E3-9F88-141E7A12CAF2}.Client Release|Win32.Build.0 = Release|Win32
		{A2D656C0-0327-47E3-9F88-141E7A12CAF2}.Debug|Win32.ActiveCfg = Debug|Win32
		{A2D656C0-0327-47E3-9F88-141E7A12CAF2}.Debug|Win32.Build.0 = Debug|Win32
		{A2D656C0-0327-47E3-9F88-141E7A12CAF2}.Java Client Debug|Win32.ActiveCfg = Debug|Win32
		{A2D656C0-0327-47E3-9F88-141E7A12CAF2}.Java Client Debug|Win32.Build.0 = Debug|Win32
		{A2D656C0-0327-47E3-9F88-141E7A12CAF2}.Java Debug|Win32.ActiveCfg = Debug|Win32
		{A2D656C0-0327-47E3-9F88-141E7A12CAF2}.Java Debug|Win32.Build.0 = Debug|Win32
		{A2D656C0-0327-47E3-9F88-141E7A12CAF2}.Lite Debug|Win32.ActiveCfg = Debug|Win32
		{A2D656C0-0327-47E3-9F88-141E7A12CAF2}.Lite Debug|Win32.Build.0 = Debug|Win32
		{A2D656C0-0327-47E3-9F88-141E7A12CAF2}.Lite Release|Win32.ActiveCfg = Release|Win32
		{A2D656C0-0327-47E3-9F88-141E7A12CAF2}.Lite Release|Win32.Build.0 = Release|Win32
		{A2D656C0-0327-47E3-9F88-141E7A12CAF2}.Lite Service Release|Win32.ActiveCfg = Release|Win32
		{A2D656C0-0327-47E3-9F88-141E7A12CAF2}.Lite Service Release|Win32.Build.0 = Release|Win32
		{A2D656C0-0327-47E3-9F88-141E7A12CAF2}.Recorder Debug|Win32.ActiveCfg = Debug|Win32
		{A2D656C0-0327-47E3-9F88-141E7A12CAF2}.Recorder Debug|Win32.Build.0 = Debug|Win32
		{A2D656C0-0327-47E3-9F88-141E7A12CAF2}.Recorder Release|Win32.ActiveCfg = Release|Win32
		{A2D656C0-0327-47E3-9F88-141E7A12CAF2}.Recorder Release|Win32.Build.0 = Release|Win32
		{A2D656C0-0327-47E3-9F88-141E7A12CAF2}.Release|Win32.ActiveCfg = Release|Win32
		{A2D656C0-0327-47E3-9F88-141E7A12CAF2}.Release|Win32.Build.0 = Release|Win32
		{A2D656C0-0327-47E3-9F88-141E7A12CAF2}.Service Debug|Win32.ActiveCfg = Debug|Win32
		{A2D656C0-0327-47E3-9F88-141E7A12CAF2}.Service Debug|Win32.Build.0 = Debug|Win32
		{A2D656C0-0327-47E3-9F88-141E7A12CAF2}.Service Release|Win32.ActiveCfg = Release|Win32
		{A2D656C0-0327-47E3-9F88-141E7A12CAF2}.Service Release|Win32.Build.0 = Release|Win32
		{A2D656C0-0327-47E3-9F88-141E7A12CAF2}.Studio Release|Win32.ActiveCfg = Release|Win32
		{A2D656C0-0327-47E3-9F88-141E7A12CAF2}.Studio Release|Win32.Build.0 = Release|Win32
		{C64EBBF8-79E8-4E1C-9D43-FFA62D14820D}.Client Debug|Win32.ActiveCfg = Debug|Win32
		{C64EBBF8-79E8-4E1C-9D43-FFA62D14820D}.Client Debug|Win32.Build.0 = Debug|Win32
		{C64EBBF8-79E8-4E1C-9D43-FFA62D14820D}.Client Release|Win32.ActiveCfg = Release|Win32
		{C64EBBF8-79E8-4E1C-9D43-FFA62D14820D}.Client Release|Win32.Build.0 = Release|Win32
		{C64EBBF8-79E8-4E1C-9D43-FFA62D14820D}.Debug|Win32.ActiveCfg = Debug|Win32
		{C64EBBF8-79E8-4E1C-9D43-FFA62D14820D}.Debug|Win32.Build.0 = Debug|Win32
		{C64EBBF8-79E8-4E1C-9D43-FFA62D14820D}.Java Client Debug|Win32.ActiveCfg = Debug|Win32
		{C64EBBF8-79E8-4E1C-9D43-FFA62D14820D}.Java Client Debug|Win32.Build.0 = Debug|Win32
		{C64EBBF8-79E8-4E1C-9D43-FFA62D14820D}.Java Debug|Win32.ActiveCfg = Debug|Win32
		{C64EBBF8-79E8-4E1C-9D43-FFA62D14820D}.Java Debug|Win32.Build.0 = Debug|Win32
		{C64EBBF8-79E8-4E1C-9D43-FFA62D14820D}.Lite Debug|Win32.ActiveCfg = Debug|Win32
		{C64EBBF8-79E8-4E1C-9D43-FFA62D14820D}.Lite Debug|Win32.Build.0 = Debug|Win32
		{C64EBBF8-79E8-4E1C-9D43-FFA62D14820D}.Lite Release|Win32.ActiveCfg = Release|Win32
		{C64EBBF8-79E8-4E1C-9D43-FFA62D14820D}.Lite Release|Win32.Build.0 = Release|Win32
		{C64EBBF8-79E8-4E1C-9D43-FFA62D14820D}.Lite Service Release|Win32.ActiveCfg = Release|Win32
		{C64EBBF8-79E8-4E1C-9D43-FFA62D14820D}.Lite Service Release|Win32.Build.0 = Release|Win32
		{C64EBBF8-79E8-4E1C-9D43-FFA62D14820D}.Recorder Debug|Win32.ActiveCfg = Debug|Win32
		{C64EBBF8-79E8-4E1C-9D43-FFA62D14820D}.Recorder Debug|Win32.Build.0 = Debug|Win32
		{C64EBBF8-79E8-4E1C-9D43-FFA62D14820D}.Recorder Release|Win32.ActiveCfg = Release|Win32
		{C64EBBF8-79E8-4E1C-9D43-FFA62D14820D}.Recorder Release|Win32.Build.0 = Release|Win32
		{C64EBBF8-79E8-4E1C-9D43-FFA62D14820D}.Release|Win32.ActiveCfg = Release|Win32
		{C64EBBF8-79E8-4E1C-9D43-FFA62D14820D}.Release|Win32.Build.0 = Release|Win32
		{C64EBBF8-79E8-4E1C-9D43-FFA62D14820D}.Service Debug|Win32.ActiveCfg = Debug|Win32
		{C64EBBF8-79E8-4E1C-9D43-FFA62D14820D}.Service Debug|Win32.Build.0 = Debug|Win32
		{C64EBBF8-79E8-4E1C-9D43-FFA62D14820D}.Service Release|Win32.ActiveCfg = Release|Win32
		{C64EBBF8-79E8-4E1C-9D43-FFA62D14820D}.Service Release|Win32.Build.0 = Release|Win32
		{C64EBBF8-79E8-4E1C-9D43-FFA62D14820D}.Studio Release|Win32.ActiveCfg = Release|Win32
		{C64EBBF8-79E8-4E1C-9D43-FFA62D14820D}.Studio Release|Win32.Build.0 = Release|Win32
		{337F9989-2D99-4FC9-A62D-0F3C82CABD9C}.Client Debug|Win32.ActiveCfg = Debug|Win32
		{337F9989-2D99-4FC9-A62D-0F3C82CABD9C}.Client Debug|Win32.Build.0 = Debug|Win32
		{337F9989-2D99-4FC9-A62D-0F3C82CABD9C}.Client Release|Win32.ActiveCfg = Release|Win32
		{337F9989-2D99-4FC9-A62D-0F3C82CABD9C}.Client Release|Win32.Build.0 = Release|Win32
		{337F9989-2D99-4FC9-A62D-0F3C82CABD9C}.Debug|Win32.ActiveCfg = Debug|Win32
		{337F9989-2D99-4FC9-A62D-0F3C82CABD9C}.Debug|Win32.Build.0 = Debug|Win32
		{337F9989-2D99-4FC9-A62D-0F3C82CABD9C}.Java Client Debug|Win32.ActiveCfg = Debug|Win32
		{337F9989-2D99-4FC9-A62D-0F3C82CABD9C}.Java Client Debug|Win32.Build.0 = Debug|Win32
		{337F9989-2D99-4FC9-A62D-0F3C82CABD9C}.Java Debug|Win32.ActiveCfg = Debug|Win32
		{337F9989-2D99-4FC9-A62D-0F3C82CABD9C}.Java Debug|Win32.Build.0 = Debug|Win32
		{337F9989-2D99-4FC9-A62D-0F3C82CABD9C}.Lite Debug|Win32.ActiveCfg = Debug|Win32
		{337F9989-2D99-4FC9-A62D-0F3C82CABD9C}.Lite Debug|Win32.Build.0 = Debug|Win32
		{337F9989-2D99-4FC9-A62D-0F3C82CABD9C}.Lite Release|Win32.ActiveCfg = Release|Win32
		{337F9989-2D99-4FC9-A62D-0F3C82CABD9C}.Lite Release|Win32.Build.0 = Release|Win32
		{337F9989-2D99-4FC9-A62D-0F3C82CABD9C}.Lite Service Release|Win32.ActiveCfg = Release|Win32
		{337F9989-2D99-4FC9-A62D-0F3C82CABD9C}.Lite Service Release|Win32.Build.0 = Release|Win32
		{337F9989-2D99-4FC9-A62D-0F3C82CABD9C}.Recorder Debug|Win32.ActiveCfg = Debug|Win32
		{337F9989-2D99-4FC9-A62D-0F3C82CABD9C}.Recorder Debug|Win32.Build.0 = Debug|Win32
		{337F9989-2D99-4FC9-A62D-0F3C82CABD9C}.Recorder Release|Win32.ActiveCfg = Release|Win32
		{337F9989-2D99-4FC9-A62D-0F3C82CABD9C}.Recorder Release|Win32.Build.0 = Release|Win32
		{337F9989-2D99-4FC9-A62D-0F3C82CABD9C}.Release|Win32.ActiveCfg = Release|Win32
		{337F9989-2D99-4FC9-A62D-0F3C82CABD9C}.Release|Win32.Build.0 = Release|Win32
		{337F9989-2D99-4FC9-A62D-0F3C82CABD9C}.Service Debug|Win32.ActiveCfg = Debug|Win32
		{337F9989-2D99-4FC9-A62D-0F3C82CABD9C}.Service Debug|Win32.Build.0 = Debug|Win32
		{337F9989-2D99-4FC9-A62D-0F3C82CABD9C}.Service Release|Win32.ActiveCfg = Release|Win32
		{337F9989-2D99-4FC9-A62D-0F3C82CABD9C}.Service Release|Win32.Build.0 = Release|Win32
		{337F9989-2D99-4FC9-A62D-0F3C82CABD9C}.Studio Release|Win32.ActiveCfg = Release|Win32
		{337F9989-2D99-4FC9-A62D-0F3C82CABD9C}.Studio Release|Win32.Build.0 = Release|Win32
		{22EEB25A-DC24-4E92-8FBC-F7A257E1C423}.Client Debug|Win32.ActiveCfg = Debug|Win32
		{22EEB25A-DC24-4E92-8FBC-F7A257E1C423}.Client Debug|Win32.Build.0 = Debug|Win32
		{22EEB25A-DC24-4E92-8FBC-F7A257E1C423}.Client Release|Win32.ActiveCfg = Release|Win32
		{22EEB25A-DC24-4E92-8FBC-F7A257E1C423}.Client Release|Win32.Build.0 = Release|Win32
		{22EEB25A-DC24-4E92-8FBC-F7A257E1C423}.Debug|Win32.ActiveCfg = Debug|Win32
		{22EEB25A-DC24-4E92-8FBC-F7A257E1C423}.Debug|Win32.Build.0 = Debug|Win32
		{22EEB25A-DC24-4E92-8FBC-F7A257E1C423}.Java Client Debug|Win32.ActiveCfg = Debug|Win32
		{22EEB25A-DC24-4E92-8FBC-F7A257E1C423}.Java Client Debug|Win32.Build.0 = Debug|Win32
		{22EEB25A-DC24-4E92-8FBC-F7A257E1C423}.Java Debug|Win32.ActiveCfg = Debug|Win32
		{22EEB25A-DC24-4E92-8FBC-F7A257E1C423}.Java Debug|Win32.Build.0 = Debug|Win32
		{22EEB25A-DC24-4E92-8FBC-F7A257E1C423}.Lite Debug|Win32.ActiveCfg = Debug|Win32
		{22EEB25A-DC24-4E92-8FBC-F7A257E1C423}.Lite Debug|Win32.Build.0 = Debug|Win32
		{22EEB25A-DC24-4E92-8FBC-F7A257E1C423}.Lite Release|Win32.ActiveCfg = Release|Win32
		{22EEB25A-DC24-4E92-8FBC-F7A257E1C423}.Lite Release|Win32.Build.0 = Release|Win32
		{22EEB25A-DC24-4E92-8FBC-F7A257E1C423}.Lite Service Release|Win32.ActiveCfg = Release|Win32
		{22EEB25A-DC24-4E92-8FBC-F7A257E1C423}.Lite Service Release|Win32.Build.0 = Release|Win32
		{22EEB25A-DC24-4E92-8FBC-F7A257E1C423}.Recorder Debug|Win32.ActiveCfg = Debug|Win32
		{22EEB25A-DC24-4E92-8FBC-F7A257E1C423}.Recorder Debug|Win32.Build.0 = Debug|Win32
		{22EEB25A-DC24-4E92-8FBC-F7A257E1C423}.Recorder Release|Win32.ActiveCfg = Release|Win32
		{22EEB25A-DC24-4E92-8FBC-F7A257E1C423}.Recorder Release|Win32.Build.0 = Release|Win32
		{22EEB25A-DC24-4E92-8FBC-F7A257E1C423}.Release|Win32.ActiveCfg = Release|Win32
		{22EEB25A-DC24-4E92-8FBC-F7A257E1C423}.Release|Win32.Build.0 = Release|Win32
		{22EEB25A-DC24-4E92-8FBC-F7A257E1C423}.Service Debug|Win32.ActiveCfg = Debug|Win32
		{22EEB25A-DC24-4E92-8FBC-F7A257E1C423}.Service Debug|Win32.Build.0 = Debug|Win32
		{22EEB25A-DC24-4E92-8FBC-F7A257E1C423}.Service Release|Win32.ActiveCfg = Release|Win32
		{22EEB25A-DC24-4E92-8FBC-F7A257E1C423}.Service Release|Win32.Build.0 = Release|Win32
		{22EEB25A-DC24-4E92-8FBC-F7A257E1C423}.Studio Release|Win32.ActiveCfg = Release|Win32
		{22EEB25A-DC24-4E92-8FBC-F7A257E1C423}.Studio Release|Win32.Build.0 = Release|Win32
	EndGlobalSection
	GlobalSection(SolutionProperties) = preSolution
		HideSolutionNode = FALSE
	EndGlobalSection
EndGlobal
